// !$*UTF8*$!
{
	archiveVersion = 1;
	classes = {
	};
	objectVersion = 46;
	objects = {

/* Begin PBXBuildFile section */
		7DBD4C891C79CA24008C5487 /* Vinyl.framework in Frameworks */ = {isa = PBXBuildFile; fileRef = 7DBD4C7F1C79CA24008C5487 /* Vinyl.framework */; };
		7DBD4CA01C79CB18008C5487 /* dvr_multiple.json in Resources */ = {isa = PBXBuildFile; fileRef = C70886341C74D470002DBB2C /* dvr_multiple.json */; };
		7DBD4CA11C79CB18008C5487 /* dvr_single.json in Resources */ = {isa = PBXBuildFile; fileRef = C70886351C74D470002DBB2C /* dvr_single.json */; };
		7DBD4CA21C79CB18008C5487 /* vinyl_multiple.json in Resources */ = {isa = PBXBuildFile; fileRef = C70886301C74D452002DBB2C /* vinyl_multiple.json */; };
		7DBD4CA31C79CB18008C5487 /* vinyl_single.json in Resources */ = {isa = PBXBuildFile; fileRef = C70886311C74D452002DBB2C /* vinyl_single.json */; };
		7DBD4CB31C79CC4D008C5487 /* Vinyl.framework in Frameworks */ = {isa = PBXBuildFile; fileRef = 7DBD4CA91C79CC4C008C5487 /* Vinyl.framework */; };
		7DBD4D061C79CDAF008C5487 /* dvr_multiple.json in Resources */ = {isa = PBXBuildFile; fileRef = C70886341C74D470002DBB2C /* dvr_multiple.json */; };
		7DBD4D071C79CDAF008C5487 /* dvr_single.json in Resources */ = {isa = PBXBuildFile; fileRef = C70886351C74D470002DBB2C /* dvr_single.json */; };
		7DBD4D081C79CDAF008C5487 /* vinyl_multiple.json in Resources */ = {isa = PBXBuildFile; fileRef = C70886301C74D452002DBB2C /* vinyl_multiple.json */; };
		7DBD4D091C79CDAF008C5487 /* vinyl_single.json in Resources */ = {isa = PBXBuildFile; fileRef = C70886311C74D452002DBB2C /* vinyl_single.json */; };
		942CCBF31D3B0C9500752A1C /* VinylTests.swift in Sources */ = {isa = PBXBuildFile; fileRef = 942CCBF21D3B0C9500752A1C /* VinylTests.swift */; };
		942CCBF41D3B0C9500752A1C /* VinylTests.swift in Sources */ = {isa = PBXBuildFile; fileRef = 942CCBF21D3B0C9500752A1C /* VinylTests.swift */; };
		942CCBF51D3B0C9500752A1C /* VinylTests.swift in Sources */ = {isa = PBXBuildFile; fileRef = 942CCBF21D3B0C9500752A1C /* VinylTests.swift */; };
		942CCBF71D3BD4B200752A1C /* PlaybackSequenceMatchTypeTests.swift in Sources */ = {isa = PBXBuildFile; fileRef = 942CCBF61D3BD4B200752A1C /* PlaybackSequenceMatchTypeTests.swift */; };
		942CCBF81D3BD4B200752A1C /* PlaybackSequenceMatchTypeTests.swift in Sources */ = {isa = PBXBuildFile; fileRef = 942CCBF61D3BD4B200752A1C /* PlaybackSequenceMatchTypeTests.swift */; };
		942CCBF91D3BD4B200752A1C /* PlaybackSequenceMatchTypeTests.swift in Sources */ = {isa = PBXBuildFile; fileRef = 942CCBF61D3BD4B200752A1C /* PlaybackSequenceMatchTypeTests.swift */; };
		942F7EA91D39CF2100508FBB /* Vinyl.swift in Sources */ = {isa = PBXBuildFile; fileRef = 942F7EA41D39CF2100508FBB /* Vinyl.swift */; };
		942F7EAB1D39CF2100508FBB /* Track.swift in Sources */ = {isa = PBXBuildFile; fileRef = 942F7EA61D39CF2100508FBB /* Track.swift */; };
		942F7EAC1D39CF2100508FBB /* TurntableError.swift in Sources */ = {isa = PBXBuildFile; fileRef = 942F7EA71D39CF2100508FBB /* TurntableError.swift */; };
		942F7EB81D39CF6400508FBB /* Vinyl.swift in Sources */ = {isa = PBXBuildFile; fileRef = 942F7EA41D39CF2100508FBB /* Vinyl.swift */; };
		942F7EBA1D39CF6400508FBB /* Track.swift in Sources */ = {isa = PBXBuildFile; fileRef = 942F7EA61D39CF2100508FBB /* Track.swift */; };
		942F7EBB1D39CF6400508FBB /* TurntableError.swift in Sources */ = {isa = PBXBuildFile; fileRef = 942F7EA71D39CF2100508FBB /* TurntableError.swift */; };
		942F7EBE1D39CF7800508FBB /* Vinyl.swift in Sources */ = {isa = PBXBuildFile; fileRef = 942F7EA41D39CF2100508FBB /* Vinyl.swift */; };
		942F7EC01D39CF7800508FBB /* Track.swift in Sources */ = {isa = PBXBuildFile; fileRef = 942F7EA61D39CF2100508FBB /* Track.swift */; };
		942F7EC11D39CF7800508FBB /* TurntableError.swift in Sources */ = {isa = PBXBuildFile; fileRef = 942F7EA71D39CF2100508FBB /* TurntableError.swift */; };
		942F7ECB1D39CF9E00508FBB /* vinyl_method_path_and_headers.json in Resources */ = {isa = PBXBuildFile; fileRef = 942F7EB41D39CF4C00508FBB /* vinyl_method_path_and_headers.json */; };
		942F7ECC1D39CFA400508FBB /* vinyl_method_path_and_headers.json in Resources */ = {isa = PBXBuildFile; fileRef = 942F7EB41D39CF4C00508FBB /* vinyl_method_path_and_headers.json */; };
		942F7ECD1D39CFA900508FBB /* vinyl_method_path_and_headers.json in Resources */ = {isa = PBXBuildFile; fileRef = 942F7EB41D39CF4C00508FBB /* vinyl_method_path_and_headers.json */; };
		942F7ED01D39D02F00508FBB /* Dictionary.swift in Sources */ = {isa = PBXBuildFile; fileRef = 942F7ECE1D39D02F00508FBB /* Dictionary.swift */; };
		942F7ED11D39D02F00508FBB /* JSON.swift in Sources */ = {isa = PBXBuildFile; fileRef = 942F7ECF1D39D02F00508FBB /* JSON.swift */; };
		942F7ED41D39D04D00508FBB /* ArgoDecoders.swift in Sources */ = {isa = PBXBuildFile; fileRef = 942F7ED31D39D04D00508FBB /* ArgoDecoders.swift */; };
		942F7EFD1D39D0F500508FBB /* Dictionary.swift in Sources */ = {isa = PBXBuildFile; fileRef = 942F7ECE1D39D02F00508FBB /* Dictionary.swift */; };
		942F7EFE1D39D0F500508FBB /* JSON.swift in Sources */ = {isa = PBXBuildFile; fileRef = 942F7ECF1D39D02F00508FBB /* JSON.swift */; };
		942F7EFF1D39D0F500508FBB /* ArgoDecoders.swift in Sources */ = {isa = PBXBuildFile; fileRef = 942F7ED31D39D04D00508FBB /* ArgoDecoders.swift */; };
		942F7F001D39D0FC00508FBB /* Dictionary.swift in Sources */ = {isa = PBXBuildFile; fileRef = 942F7ECE1D39D02F00508FBB /* Dictionary.swift */; };
		942F7F011D39D0FC00508FBB /* JSON.swift in Sources */ = {isa = PBXBuildFile; fileRef = 942F7ECF1D39D02F00508FBB /* JSON.swift */; };
		942F7F021D39D0FC00508FBB /* ArgoDecoders.swift in Sources */ = {isa = PBXBuildFile; fileRef = 942F7ED31D39D04D00508FBB /* ArgoDecoders.swift */; };
		942F7F031D39D10A00508FBB /* Argo+JSON+Test+Helpers.swift in Sources */ = {isa = PBXBuildFile; fileRef = 942F7EEF1D39D0B600508FBB /* Argo+JSON+Test+Helpers.swift */; };
		942F7F041D39D10A00508FBB /* String.swift in Sources */ = {isa = PBXBuildFile; fileRef = 942F7EF01D39D0B600508FBB /* String.swift */; };
		942F7F051D39D10A00508FBB /* Track+Arbitrary.swift in Sources */ = {isa = PBXBuildFile; fileRef = 942F7EF11D39D0B600508FBB /* Track+Arbitrary.swift */; };
		942F7F061D39D10A00508FBB /* TrackContentTypeTests.swift in Sources */ = {isa = PBXBuildFile; fileRef = 942F7EF51D39D0CD00508FBB /* TrackContentTypeTests.swift */; };
		942F7F071D39D10A00508FBB /* TrackRequestMethodCreationTests.swift in Sources */ = {isa = PBXBuildFile; fileRef = 942F7EF61D39D0CD00508FBB /* TrackRequestMethodCreationTests.swift */; };
		942F7F081D39D10A00508FBB /* TrackRequestTests.swift in Sources */ = {isa = PBXBuildFile; fileRef = 942F7EF71D39D0CD00508FBB /* TrackRequestTests.swift */; };
		942F7F091D39D10A00508FBB /* TrackResponseTests.swift in Sources */ = {isa = PBXBuildFile; fileRef = 942F7EF81D39D0CD00508FBB /* TrackResponseTests.swift */; };
		942F7F0A1D39D11800508FBB /* Argo+JSON+Test+Helpers.swift in Sources */ = {isa = PBXBuildFile; fileRef = 942F7EEF1D39D0B600508FBB /* Argo+JSON+Test+Helpers.swift */; };
		942F7F0B1D39D11800508FBB /* String.swift in Sources */ = {isa = PBXBuildFile; fileRef = 942F7EF01D39D0B600508FBB /* String.swift */; };
		942F7F0C1D39D11800508FBB /* Track+Arbitrary.swift in Sources */ = {isa = PBXBuildFile; fileRef = 942F7EF11D39D0B600508FBB /* Track+Arbitrary.swift */; };
		942F7F0D1D39D11800508FBB /* TrackContentTypeTests.swift in Sources */ = {isa = PBXBuildFile; fileRef = 942F7EF51D39D0CD00508FBB /* TrackContentTypeTests.swift */; };
		942F7F0E1D39D11800508FBB /* TrackRequestMethodCreationTests.swift in Sources */ = {isa = PBXBuildFile; fileRef = 942F7EF61D39D0CD00508FBB /* TrackRequestMethodCreationTests.swift */; };
		942F7F0F1D39D11800508FBB /* TrackRequestTests.swift in Sources */ = {isa = PBXBuildFile; fileRef = 942F7EF71D39D0CD00508FBB /* TrackRequestTests.swift */; };
		942F7F101D39D11800508FBB /* TrackResponseTests.swift in Sources */ = {isa = PBXBuildFile; fileRef = 942F7EF81D39D0CD00508FBB /* TrackResponseTests.swift */; };
		942F7F111D39D12500508FBB /* Argo+JSON+Test+Helpers.swift in Sources */ = {isa = PBXBuildFile; fileRef = 942F7EEF1D39D0B600508FBB /* Argo+JSON+Test+Helpers.swift */; };
		942F7F121D39D12500508FBB /* String.swift in Sources */ = {isa = PBXBuildFile; fileRef = 942F7EF01D39D0B600508FBB /* String.swift */; };
		942F7F131D39D12500508FBB /* Track+Arbitrary.swift in Sources */ = {isa = PBXBuildFile; fileRef = 942F7EF11D39D0B600508FBB /* Track+Arbitrary.swift */; };
		942F7F141D39D12500508FBB /* TrackContentTypeTests.swift in Sources */ = {isa = PBXBuildFile; fileRef = 942F7EF51D39D0CD00508FBB /* TrackContentTypeTests.swift */; };
		942F7F151D39D12500508FBB /* TrackRequestMethodCreationTests.swift in Sources */ = {isa = PBXBuildFile; fileRef = 942F7EF61D39D0CD00508FBB /* TrackRequestMethodCreationTests.swift */; };
		942F7F161D39D12500508FBB /* TrackRequestTests.swift in Sources */ = {isa = PBXBuildFile; fileRef = 942F7EF71D39D0CD00508FBB /* TrackRequestTests.swift */; };
		942F7F171D39D12500508FBB /* TrackResponseTests.swift in Sources */ = {isa = PBXBuildFile; fileRef = 942F7EF81D39D0CD00508FBB /* TrackResponseTests.swift */; };
		942F7F181D39D13700508FBB /* request_empty.json in Resources */ = {isa = PBXBuildFile; fileRef = 942F7ED71D39D09600508FBB /* request_empty.json */; };
		942F7F191D39D13700508FBB /* request_with_base64_body.json in Resources */ = {isa = PBXBuildFile; fileRef = 942F7ED81D39D09600508FBB /* request_with_base64_body.json */; };
		942F7F1A1D39D13700508FBB /* request_with_json_body.json in Resources */ = {isa = PBXBuildFile; fileRef = 942F7ED91D39D09600508FBB /* request_with_json_body.json */; };
		942F7F1B1D39D13700508FBB /* request_with_malformed_header_integer.json in Resources */ = {isa = PBXBuildFile; fileRef = 942F7EDA1D39D09600508FBB /* request_with_malformed_header_integer.json */; };
		942F7F1C1D39D13700508FBB /* request_with_malformed_headers.json in Resources */ = {isa = PBXBuildFile; fileRef = 942F7EDB1D39D09600508FBB /* request_with_malformed_headers.json */; };
		942F7F1D1D39D13700508FBB /* request_with_malformed_url_as_object.json in Resources */ = {isa = PBXBuildFile; fileRef = 942F7EDC1D39D09600508FBB /* request_with_malformed_url_as_object.json */; };
		942F7F1E1D39D13700508FBB /* request_with_malformed_url.json in Resources */ = {isa = PBXBuildFile; fileRef = 942F7EDD1D39D09600508FBB /* request_with_malformed_url.json */; };
		942F7F1F1D39D13700508FBB /* request_with_text_body.json in Resources */ = {isa = PBXBuildFile; fileRef = 942F7EDE1D39D09700508FBB /* request_with_text_body.json */; };
		942F7F201D39D13700508FBB /* request_with_url_and_get.json in Resources */ = {isa = PBXBuildFile; fileRef = 942F7EDF1D39D09700508FBB /* request_with_url_and_get.json */; };
		942F7F211D39D13700508FBB /* request_without_method.json in Resources */ = {isa = PBXBuildFile; fileRef = 942F7EE01D39D09700508FBB /* request_without_method.json */; };
		942F7F221D39D13700508FBB /* request_without_url.json in Resources */ = {isa = PBXBuildFile; fileRef = 942F7EE11D39D09700508FBB /* request_without_url.json */; };
		942F7F361D39D15E00508FBB /* request_empty.json in Resources */ = {isa = PBXBuildFile; fileRef = 942F7ED71D39D09600508FBB /* request_empty.json */; };
		942F7F371D39D15E00508FBB /* request_with_base64_body.json in Resources */ = {isa = PBXBuildFile; fileRef = 942F7ED81D39D09600508FBB /* request_with_base64_body.json */; };
		942F7F381D39D15E00508FBB /* request_with_json_body.json in Resources */ = {isa = PBXBuildFile; fileRef = 942F7ED91D39D09600508FBB /* request_with_json_body.json */; };
		942F7F391D39D15E00508FBB /* request_with_malformed_header_integer.json in Resources */ = {isa = PBXBuildFile; fileRef = 942F7EDA1D39D09600508FBB /* request_with_malformed_header_integer.json */; };
		942F7F3A1D39D15E00508FBB /* request_with_malformed_headers.json in Resources */ = {isa = PBXBuildFile; fileRef = 942F7EDB1D39D09600508FBB /* request_with_malformed_headers.json */; };
		942F7F3B1D39D15E00508FBB /* request_with_malformed_url_as_object.json in Resources */ = {isa = PBXBuildFile; fileRef = 942F7EDC1D39D09600508FBB /* request_with_malformed_url_as_object.json */; };
		942F7F3C1D39D15E00508FBB /* request_with_malformed_url.json in Resources */ = {isa = PBXBuildFile; fileRef = 942F7EDD1D39D09600508FBB /* request_with_malformed_url.json */; };
		942F7F3D1D39D15E00508FBB /* request_with_text_body.json in Resources */ = {isa = PBXBuildFile; fileRef = 942F7EDE1D39D09700508FBB /* request_with_text_body.json */; };
		942F7F3E1D39D15E00508FBB /* request_with_url_and_get.json in Resources */ = {isa = PBXBuildFile; fileRef = 942F7EDF1D39D09700508FBB /* request_with_url_and_get.json */; };
		942F7F3F1D39D15E00508FBB /* request_without_method.json in Resources */ = {isa = PBXBuildFile; fileRef = 942F7EE01D39D09700508FBB /* request_without_method.json */; };
		942F7F401D39D15E00508FBB /* request_without_url.json in Resources */ = {isa = PBXBuildFile; fileRef = 942F7EE11D39D09700508FBB /* request_without_url.json */; };
		942F7F421D39D17500508FBB /* request_empty.json in Resources */ = {isa = PBXBuildFile; fileRef = 942F7ED71D39D09600508FBB /* request_empty.json */; };
		942F7F431D39D17500508FBB /* request_with_base64_body.json in Resources */ = {isa = PBXBuildFile; fileRef = 942F7ED81D39D09600508FBB /* request_with_base64_body.json */; };
		942F7F441D39D17500508FBB /* request_with_json_body.json in Resources */ = {isa = PBXBuildFile; fileRef = 942F7ED91D39D09600508FBB /* request_with_json_body.json */; };
		942F7F451D39D17500508FBB /* request_with_malformed_header_integer.json in Resources */ = {isa = PBXBuildFile; fileRef = 942F7EDA1D39D09600508FBB /* request_with_malformed_header_integer.json */; };
		942F7F461D39D17500508FBB /* request_with_malformed_headers.json in Resources */ = {isa = PBXBuildFile; fileRef = 942F7EDB1D39D09600508FBB /* request_with_malformed_headers.json */; };
		942F7F471D39D17500508FBB /* request_with_malformed_url_as_object.json in Resources */ = {isa = PBXBuildFile; fileRef = 942F7EDC1D39D09600508FBB /* request_with_malformed_url_as_object.json */; };
		942F7F481D39D17500508FBB /* request_with_malformed_url.json in Resources */ = {isa = PBXBuildFile; fileRef = 942F7EDD1D39D09600508FBB /* request_with_malformed_url.json */; };
		942F7F491D39D17500508FBB /* request_with_text_body.json in Resources */ = {isa = PBXBuildFile; fileRef = 942F7EDE1D39D09700508FBB /* request_with_text_body.json */; };
		942F7F4A1D39D17500508FBB /* request_with_url_and_get.json in Resources */ = {isa = PBXBuildFile; fileRef = 942F7EDF1D39D09700508FBB /* request_with_url_and_get.json */; };
		942F7F4B1D39D17500508FBB /* request_without_method.json in Resources */ = {isa = PBXBuildFile; fileRef = 942F7EE01D39D09700508FBB /* request_without_method.json */; };
		942F7F4C1D39D17500508FBB /* request_without_url.json in Resources */ = {isa = PBXBuildFile; fileRef = 942F7EE11D39D09700508FBB /* request_without_url.json */; };
		945971381D3D49AA00627C2D /* TurntableIntegrationTests.swift in Sources */ = {isa = PBXBuildFile; fileRef = 945971371D3D49AA00627C2D /* TurntableIntegrationTests.swift */; };
		945971391D3D49AA00627C2D /* TurntableIntegrationTests.swift in Sources */ = {isa = PBXBuildFile; fileRef = 945971371D3D49AA00627C2D /* TurntableIntegrationTests.swift */; };
		9459713A1D3D49AA00627C2D /* TurntableIntegrationTests.swift in Sources */ = {isa = PBXBuildFile; fileRef = 945971371D3D49AA00627C2D /* TurntableIntegrationTests.swift */; };
		9459713C1D3D50F400627C2D /* HTTPURLResponse.swift in Sources */ = {isa = PBXBuildFile; fileRef = 9459713B1D3D50F400627C2D /* HTTPURLResponse.swift */; };
		9459713D1D3D50F400627C2D /* HTTPURLResponse.swift in Sources */ = {isa = PBXBuildFile; fileRef = 9459713B1D3D50F400627C2D /* HTTPURLResponse.swift */; };
		9459713E1D3D50F400627C2D /* HTTPURLResponse.swift in Sources */ = {isa = PBXBuildFile; fileRef = 9459713B1D3D50F400627C2D /* HTTPURLResponse.swift */; };
		9476A2601D3E8CD600D09DDB /* response_valid_with_text_body.json in Resources */ = {isa = PBXBuildFile; fileRef = 9476A25E1D3E896600D09DDB /* response_valid_with_text_body.json */; };
		9476A2611D3E8CDB00D09DDB /* response_valid_with_text_body.json in Resources */ = {isa = PBXBuildFile; fileRef = 9476A25E1D3E896600D09DDB /* response_valid_with_text_body.json */; };
		9476A2621D3E8CE100D09DDB /* response_valid_with_text_body.json in Resources */ = {isa = PBXBuildFile; fileRef = 9476A25E1D3E896600D09DDB /* response_valid_with_text_body.json */; };
		9476A2681D3E9A5200D09DDB /* ExpectResponseFromDelegate.swift in Sources */ = {isa = PBXBuildFile; fileRef = 9476A2671D3E9A5200D09DDB /* ExpectResponseFromDelegate.swift */; };
		9476A2691D3E9A5200D09DDB /* ExpectResponseFromDelegate.swift in Sources */ = {isa = PBXBuildFile; fileRef = 9476A2671D3E9A5200D09DDB /* ExpectResponseFromDelegate.swift */; };
		9476A26A1D3E9A5200D09DDB /* ExpectResponseFromDelegate.swift in Sources */ = {isa = PBXBuildFile; fileRef = 9476A2671D3E9A5200D09DDB /* ExpectResponseFromDelegate.swift */; };
		9476A2701D3E9AF100D09DDB /* CurryDelegateAsCallback.swift in Sources */ = {isa = PBXBuildFile; fileRef = 9476A26F1D3E9AF100D09DDB /* CurryDelegateAsCallback.swift */; };
		9476A2711D3E9AF100D09DDB /* CurryDelegateAsCallback.swift in Sources */ = {isa = PBXBuildFile; fileRef = 9476A26F1D3E9AF100D09DDB /* CurryDelegateAsCallback.swift */; };
		9476A2721D3E9AF100D09DDB /* CurryDelegateAsCallback.swift in Sources */ = {isa = PBXBuildFile; fileRef = 9476A26F1D3E9AF100D09DDB /* CurryDelegateAsCallback.swift */; };
		9476A2791D3ED53100D09DDB /* response_valid_without_status.json in Resources */ = {isa = PBXBuildFile; fileRef = 9476A2771D3ED51400D09DDB /* response_valid_without_status.json */; };
		9476A27A1D3ED53A00D09DDB /* response_valid_without_status.json in Resources */ = {isa = PBXBuildFile; fileRef = 9476A2771D3ED51400D09DDB /* response_valid_without_status.json */; };
		9476A27B1D3ED54100D09DDB /* response_valid_without_status.json in Resources */ = {isa = PBXBuildFile; fileRef = 9476A2771D3ED51400D09DDB /* response_valid_without_status.json */; };
		94AD83161D39C75A00723D94 /* Argo.framework in Frameworks */ = {isa = PBXBuildFile; fileRef = 94AD83151D39C75A00723D94 /* Argo.framework */; };
		94AD83191D39C76C00723D94 /* Argo.framework in Frameworks */ = {isa = PBXBuildFile; fileRef = 94AD83171D39C76C00723D94 /* Argo.framework */; };
		94AD831A1D39C76C00723D94 /* Curry.framework in Frameworks */ = {isa = PBXBuildFile; fileRef = 94AD83181D39C76C00723D94 /* Curry.framework */; };
		94AD831C1D39C77200723D94 /* Argo.framework in Frameworks */ = {isa = PBXBuildFile; fileRef = 94AD831B1D39C77200723D94 /* Argo.framework */; };
		94AD831E1D39C7A200723D94 /* Curry.framework in Frameworks */ = {isa = PBXBuildFile; fileRef = 94AD831D1D39C7A200723D94 /* Curry.framework */; };
		94AD83201D39C7FE00723D94 /* Curry.framework in Frameworks */ = {isa = PBXBuildFile; fileRef = 94AD831F1D39C7FE00723D94 /* Curry.framework */; };
		94AD83241D39C8CD00723D94 /* Turntable.swift in Sources */ = {isa = PBXBuildFile; fileRef = 94B988691D1DA0B3001E5424 /* Turntable.swift */; };
		94AD83251D39C8CD00723D94 /* TurntableTask.swift in Sources */ = {isa = PBXBuildFile; fileRef = 94B9886A1D1DA0B3001E5424 /* TurntableTask.swift */; };
		94AD83261D39C8D300723D94 /* Turntable.swift in Sources */ = {isa = PBXBuildFile; fileRef = 94B988691D1DA0B3001E5424 /* Turntable.swift */; };
		94AD83271D39C8D300723D94 /* TurntableTask.swift in Sources */ = {isa = PBXBuildFile; fileRef = 94B9886A1D1DA0B3001E5424 /* TurntableTask.swift */; };
		94AD83281D39C8DA00723D94 /* TurntableSequenceTests.swift in Sources */ = {isa = PBXBuildFile; fileRef = 94B9886D1D1DA0C2001E5424 /* TurntableSequenceTests.swift */; };
		94AD83291D39C8E000723D94 /* TurntableSequenceTests.swift in Sources */ = {isa = PBXBuildFile; fileRef = 94B9886D1D1DA0C2001E5424 /* TurntableSequenceTests.swift */; };
		94AD832A1D39C8E600723D94 /* TurntableSequenceTests.swift in Sources */ = {isa = PBXBuildFile; fileRef = 94B9886D1D1DA0C2001E5424 /* TurntableSequenceTests.swift */; };
		94AD832C1D39CA3A00723D94 /* SwiftCheck.framework in Frameworks */ = {isa = PBXBuildFile; fileRef = 94AD832B1D39CA3A00723D94 /* SwiftCheck.framework */; };
		94AD832E1D39CA4100723D94 /* SwiftCheck.framework in Frameworks */ = {isa = PBXBuildFile; fileRef = 94AD832D1D39CA4100723D94 /* SwiftCheck.framework */; };
		94AD83301D39CA4900723D94 /* SwiftCheck.framework in Frameworks */ = {isa = PBXBuildFile; fileRef = 94AD832F1D39CA4900723D94 /* SwiftCheck.framework */; };
		94B988631D1D9F61001E5424 /* Vinyl.h in Headers */ = {isa = PBXBuildFile; fileRef = 94B988621D1D9F61001E5424 /* Vinyl.h */; settings = {ATTRIBUTES = (Public, ); }; };
		94B9886B1D1DA0B3001E5424 /* Turntable.swift in Sources */ = {isa = PBXBuildFile; fileRef = 94B988691D1DA0B3001E5424 /* Turntable.swift */; };
		94B9886C1D1DA0B3001E5424 /* TurntableTask.swift in Sources */ = {isa = PBXBuildFile; fileRef = 94B9886A1D1DA0B3001E5424 /* TurntableTask.swift */; };
		94B9886F1D1DA20D001E5424 /* Vinyl.h in Headers */ = {isa = PBXBuildFile; fileRef = 94B988621D1D9F61001E5424 /* Vinyl.h */; settings = {ATTRIBUTES = (Public, ); }; };
		94B988701D1DA215001E5424 /* Vinyl.h in Headers */ = {isa = PBXBuildFile; fileRef = 94B988621D1D9F61001E5424 /* Vinyl.h */; settings = {ATTRIBUTES = (Public, ); }; };
		94E001761D39D20F0041A956 /* URLRequest.swift in Sources */ = {isa = PBXBuildFile; fileRef = 94E001751D39D20F0041A956 /* URLRequest.swift */; };
		94E001771D39D21C0041A956 /* URLRequest.swift in Sources */ = {isa = PBXBuildFile; fileRef = 94E001751D39D20F0041A956 /* URLRequest.swift */; };
		94E001781D39D2260041A956 /* URLRequest.swift in Sources */ = {isa = PBXBuildFile; fileRef = 94E001751D39D20F0041A956 /* URLRequest.swift */; };
		94E001861D3B03C10041A956 /* TurntableSequence.swift in Sources */ = {isa = PBXBuildFile; fileRef = 94E001821D3B03C10041A956 /* TurntableSequence.swift */; };
		94E001871D3B03C10041A956 /* TurntableSequence.swift in Sources */ = {isa = PBXBuildFile; fileRef = 94E001821D3B03C10041A956 /* TurntableSequence.swift */; };
		94E001881D3B03C10041A956 /* TurntableSequence.swift in Sources */ = {isa = PBXBuildFile; fileRef = 94E001821D3B03C10041A956 /* TurntableSequence.swift */; };
		C70886321C74D452002DBB2C /* vinyl_multiple.json in Resources */ = {isa = PBXBuildFile; fileRef = C70886301C74D452002DBB2C /* vinyl_multiple.json */; };
		C70886331C74D452002DBB2C /* vinyl_single.json in Resources */ = {isa = PBXBuildFile; fileRef = C70886311C74D452002DBB2C /* vinyl_single.json */; };
		C70886361C74D470002DBB2C /* dvr_multiple.json in Resources */ = {isa = PBXBuildFile; fileRef = C70886341C74D470002DBB2C /* dvr_multiple.json */; };
		C70886371C74D470002DBB2C /* dvr_single.json in Resources */ = {isa = PBXBuildFile; fileRef = C70886351C74D470002DBB2C /* dvr_single.json */; };
		C75D79111C6DFE30004B92A9 /* Vinyl.framework in Frameworks */ = {isa = PBXBuildFile; fileRef = C75D79061C6DFE30004B92A9 /* Vinyl.framework */; };
		E530E6181C864E1800D9B590 /* vinyl_upload.json in Resources */ = {isa = PBXBuildFile; fileRef = E530E6171C864E1800D9B590 /* vinyl_upload.json */; };
		E530E6191C864E1800D9B590 /* vinyl_upload.json in Resources */ = {isa = PBXBuildFile; fileRef = E530E6171C864E1800D9B590 /* vinyl_upload.json */; };
		E530E61A1C864E1800D9B590 /* vinyl_upload.json in Resources */ = {isa = PBXBuildFile; fileRef = E530E6171C864E1800D9B590 /* vinyl_upload.json */; };
/* End PBXBuildFile section */

/* Begin PBXContainerItemProxy section */
		7DBD4C8A1C79CA24008C5487 /* PBXContainerItemProxy */ = {
			isa = PBXContainerItemProxy;
			containerPortal = C75D78FD1C6DFE30004B92A9 /* Project object */;
			proxyType = 1;
			remoteGlobalIDString = 7DBD4C7E1C79CA24008C5487;
			remoteInfo = "Vinyl-Mac";
		};
		7DBD4CB41C79CC4D008C5487 /* PBXContainerItemProxy */ = {
			isa = PBXContainerItemProxy;
			containerPortal = C75D78FD1C6DFE30004B92A9 /* Project object */;
			proxyType = 1;
			remoteGlobalIDString = 7DBD4CA81C79CC4C008C5487;
			remoteInfo = "Vinyl-tvOS";
		};
		C75D79121C6DFE30004B92A9 /* PBXContainerItemProxy */ = {
			isa = PBXContainerItemProxy;
			containerPortal = C75D78FD1C6DFE30004B92A9 /* Project object */;
			proxyType = 1;
			remoteGlobalIDString = C75D79051C6DFE30004B92A9;
			remoteInfo = Vinyl;
		};
/* End PBXContainerItemProxy section */

/* Begin PBXCopyFilesBuildPhase section */
		7DBD4C9E1C79CAEF008C5487 /* CopyFiles */ = {
			isa = PBXCopyFilesBuildPhase;
			buildActionMask = 2147483647;
			dstPath = "";
			dstSubfolderSpec = 10;
			files = (
			);
			runOnlyForDeploymentPostprocessing = 0;
		};
		7DBD4D021C79CD83008C5487 /* CopyFiles */ = {
			isa = PBXCopyFilesBuildPhase;
			buildActionMask = 2147483647;
			dstPath = "";
			dstSubfolderSpec = 10;
			files = (
			);
			runOnlyForDeploymentPostprocessing = 0;
		};
		82D8B7751C78E51400D8E037 /* CopyFiles */ = {
			isa = PBXCopyFilesBuildPhase;
			buildActionMask = 2147483647;
			dstPath = "";
			dstSubfolderSpec = 10;
			files = (
			);
			runOnlyForDeploymentPostprocessing = 0;
		};
/* End PBXCopyFilesBuildPhase section */

/* Begin PBXFileReference section */
		7DBD4C7F1C79CA24008C5487 /* Vinyl.framework */ = {isa = PBXFileReference; explicitFileType = wrapper.framework; includeInIndex = 0; path = Vinyl.framework; sourceTree = BUILT_PRODUCTS_DIR; };
		7DBD4C881C79CA24008C5487 /* Vinyl-MacTests.xctest */ = {isa = PBXFileReference; explicitFileType = wrapper.cfbundle; includeInIndex = 0; path = "Vinyl-MacTests.xctest"; sourceTree = BUILT_PRODUCTS_DIR; };
		7DBD4CA91C79CC4C008C5487 /* Vinyl.framework */ = {isa = PBXFileReference; explicitFileType = wrapper.framework; includeInIndex = 0; path = Vinyl.framework; sourceTree = BUILT_PRODUCTS_DIR; };
		7DBD4CB21C79CC4D008C5487 /* Vinyl-tvOSTests.xctest */ = {isa = PBXFileReference; explicitFileType = wrapper.cfbundle; includeInIndex = 0; path = "Vinyl-tvOSTests.xctest"; sourceTree = BUILT_PRODUCTS_DIR; };
		942CCBF21D3B0C9500752A1C /* VinylTests.swift */ = {isa = PBXFileReference; fileEncoding = 4; lastKnownFileType = sourcecode.swift; name = VinylTests.swift; path = Types/VinylTests.swift; sourceTree = "<group>"; };
		942CCBF61D3BD4B200752A1C /* PlaybackSequenceMatchTypeTests.swift */ = {isa = PBXFileReference; fileEncoding = 4; lastKnownFileType = sourcecode.swift; name = PlaybackSequenceMatchTypeTests.swift; path = Types/PlaybackSequenceMatchTypeTests.swift; sourceTree = "<group>"; };
		942F7EA41D39CF2100508FBB /* Vinyl.swift */ = {isa = PBXFileReference; fileEncoding = 4; lastKnownFileType = sourcecode.swift; name = Vinyl.swift; path = Types/Vinyl.swift; sourceTree = "<group>"; };
		942F7EA61D39CF2100508FBB /* Track.swift */ = {isa = PBXFileReference; fileEncoding = 4; lastKnownFileType = sourcecode.swift; name = Track.swift; path = Types/Track.swift; sourceTree = "<group>"; };
		942F7EA71D39CF2100508FBB /* TurntableError.swift */ = {isa = PBXFileReference; fileEncoding = 4; lastKnownFileType = sourcecode.swift; name = TurntableError.swift; path = Types/TurntableError.swift; sourceTree = "<group>"; };
		942F7EB41D39CF4C00508FBB /* vinyl_method_path_and_headers.json */ = {isa = PBXFileReference; fileEncoding = 4; lastKnownFileType = text.json; path = vinyl_method_path_and_headers.json; sourceTree = "<group>"; };
		942F7ECE1D39D02F00508FBB /* Dictionary.swift */ = {isa = PBXFileReference; fileEncoding = 4; lastKnownFileType = sourcecode.swift; name = Dictionary.swift; path = Extensions/Dictionary.swift; sourceTree = "<group>"; };
		942F7ECF1D39D02F00508FBB /* JSON.swift */ = {isa = PBXFileReference; fileEncoding = 4; lastKnownFileType = sourcecode.swift; name = JSON.swift; path = Extensions/JSON.swift; sourceTree = "<group>"; };
		942F7ED31D39D04D00508FBB /* ArgoDecoders.swift */ = {isa = PBXFileReference; fileEncoding = 4; lastKnownFileType = sourcecode.swift; name = ArgoDecoders.swift; path = Functions/ArgoDecoders.swift; sourceTree = "<group>"; };
		942F7ED71D39D09600508FBB /* request_empty.json */ = {isa = PBXFileReference; fileEncoding = 4; lastKnownFileType = text.json; name = request_empty.json; path = Partials/request_empty.json; sourceTree = "<group>"; };
		942F7ED81D39D09600508FBB /* request_with_base64_body.json */ = {isa = PBXFileReference; fileEncoding = 4; lastKnownFileType = text.json; name = request_with_base64_body.json; path = Partials/request_with_base64_body.json; sourceTree = "<group>"; };
		942F7ED91D39D09600508FBB /* request_with_json_body.json */ = {isa = PBXFileReference; fileEncoding = 4; lastKnownFileType = text.json; name = request_with_json_body.json; path = Partials/request_with_json_body.json; sourceTree = "<group>"; };
		942F7EDA1D39D09600508FBB /* request_with_malformed_header_integer.json */ = {isa = PBXFileReference; fileEncoding = 4; lastKnownFileType = text.json; name = request_with_malformed_header_integer.json; path = Partials/request_with_malformed_header_integer.json; sourceTree = "<group>"; };
		942F7EDB1D39D09600508FBB /* request_with_malformed_headers.json */ = {isa = PBXFileReference; fileEncoding = 4; lastKnownFileType = text.json; name = request_with_malformed_headers.json; path = Partials/request_with_malformed_headers.json; sourceTree = "<group>"; };
		942F7EDC1D39D09600508FBB /* request_with_malformed_url_as_object.json */ = {isa = PBXFileReference; fileEncoding = 4; lastKnownFileType = text.json; name = request_with_malformed_url_as_object.json; path = Partials/request_with_malformed_url_as_object.json; sourceTree = "<group>"; };
		942F7EDD1D39D09600508FBB /* request_with_malformed_url.json */ = {isa = PBXFileReference; fileEncoding = 4; lastKnownFileType = text.json; name = request_with_malformed_url.json; path = Partials/request_with_malformed_url.json; sourceTree = "<group>"; };
		942F7EDE1D39D09700508FBB /* request_with_text_body.json */ = {isa = PBXFileReference; fileEncoding = 4; lastKnownFileType = text.json; name = request_with_text_body.json; path = Partials/request_with_text_body.json; sourceTree = "<group>"; };
		942F7EDF1D39D09700508FBB /* request_with_url_and_get.json */ = {isa = PBXFileReference; fileEncoding = 4; lastKnownFileType = text.json; name = request_with_url_and_get.json; path = Partials/request_with_url_and_get.json; sourceTree = "<group>"; };
		942F7EE01D39D09700508FBB /* request_without_method.json */ = {isa = PBXFileReference; fileEncoding = 4; lastKnownFileType = text.json; name = request_without_method.json; path = Partials/request_without_method.json; sourceTree = "<group>"; };
		942F7EE11D39D09700508FBB /* request_without_url.json */ = {isa = PBXFileReference; fileEncoding = 4; lastKnownFileType = text.json; name = request_without_url.json; path = Partials/request_without_url.json; sourceTree = "<group>"; };
		942F7EEF1D39D0B600508FBB /* Argo+JSON+Test+Helpers.swift */ = {isa = PBXFileReference; fileEncoding = 4; lastKnownFileType = sourcecode.swift; name = "Argo+JSON+Test+Helpers.swift"; path = "Helpers/Argo+JSON+Test+Helpers.swift"; sourceTree = "<group>"; };
		942F7EF01D39D0B600508FBB /* String.swift */ = {isa = PBXFileReference; fileEncoding = 4; lastKnownFileType = sourcecode.swift; name = String.swift; path = Helpers/String.swift; sourceTree = "<group>"; };
		942F7EF11D39D0B600508FBB /* Track+Arbitrary.swift */ = {isa = PBXFileReference; fileEncoding = 4; lastKnownFileType = sourcecode.swift; name = "Track+Arbitrary.swift"; path = "Helpers/Track+Arbitrary.swift"; sourceTree = "<group>"; };
		942F7EF51D39D0CD00508FBB /* TrackContentTypeTests.swift */ = {isa = PBXFileReference; fileEncoding = 4; lastKnownFileType = sourcecode.swift; name = TrackContentTypeTests.swift; path = Types/TrackContentTypeTests.swift; sourceTree = "<group>"; };
		942F7EF61D39D0CD00508FBB /* TrackRequestMethodCreationTests.swift */ = {isa = PBXFileReference; fileEncoding = 4; lastKnownFileType = sourcecode.swift; name = TrackRequestMethodCreationTests.swift; path = Types/TrackRequestMethodCreationTests.swift; sourceTree = "<group>"; };
		942F7EF71D39D0CD00508FBB /* TrackRequestTests.swift */ = {isa = PBXFileReference; fileEncoding = 4; lastKnownFileType = sourcecode.swift; name = TrackRequestTests.swift; path = Types/TrackRequestTests.swift; sourceTree = "<group>"; };
		942F7EF81D39D0CD00508FBB /* TrackResponseTests.swift */ = {isa = PBXFileReference; fileEncoding = 4; lastKnownFileType = sourcecode.swift; name = TrackResponseTests.swift; path = Types/TrackResponseTests.swift; sourceTree = "<group>"; };
		945971371D3D49AA00627C2D /* TurntableIntegrationTests.swift */ = {isa = PBXFileReference; fileEncoding = 4; lastKnownFileType = sourcecode.swift; name = TurntableIntegrationTests.swift; path = Types/TurntableIntegrationTests.swift; sourceTree = "<group>"; };
		9459713B1D3D50F400627C2D /* HTTPURLResponse.swift */ = {isa = PBXFileReference; fileEncoding = 4; lastKnownFileType = sourcecode.swift; path = HTTPURLResponse.swift; sourceTree = "<group>"; };
		9476A25E1D3E896600D09DDB /* response_valid_with_text_body.json */ = {isa = PBXFileReference; fileEncoding = 4; lastKnownFileType = text.json; name = response_valid_with_text_body.json; path = Partials/response_valid_with_text_body.json; sourceTree = "<group>"; };
		9476A2671D3E9A5200D09DDB /* ExpectResponseFromDelegate.swift */ = {isa = PBXFileReference; fileEncoding = 4; lastKnownFileType = sourcecode.swift; name = ExpectResponseFromDelegate.swift; path = Helpers/ExpectResponseFromDelegate.swift; sourceTree = "<group>"; };
		9476A26F1D3E9AF100D09DDB /* CurryDelegateAsCallback.swift */ = {isa = PBXFileReference; fileEncoding = 4; lastKnownFileType = sourcecode.swift; name = CurryDelegateAsCallback.swift; path = Helpers/CurryDelegateAsCallback.swift; sourceTree = "<group>"; };
		9476A2771D3ED51400D09DDB /* response_valid_without_status.json */ = {isa = PBXFileReference; fileEncoding = 4; lastKnownFileType = text.json; name = response_valid_without_status.json; path = Partials/response_valid_without_status.json; sourceTree = "<group>"; };
		94AD83151D39C75A00723D94 /* Argo.framework */ = {isa = PBXFileReference; lastKnownFileType = wrapper.framework; name = Argo.framework; path = Carthage/Build/iOS/Argo.framework; sourceTree = "<group>"; };
		94AD83171D39C76C00723D94 /* Argo.framework */ = {isa = PBXFileReference; lastKnownFileType = wrapper.framework; name = Argo.framework; path = Carthage/Build/Mac/Argo.framework; sourceTree = "<group>"; };
		94AD83181D39C76C00723D94 /* Curry.framework */ = {isa = PBXFileReference; lastKnownFileType = wrapper.framework; name = Curry.framework; path = Carthage/Build/Mac/Curry.framework; sourceTree = "<group>"; };
		94AD831B1D39C77200723D94 /* Argo.framework */ = {isa = PBXFileReference; lastKnownFileType = wrapper.framework; name = Argo.framework; path = Carthage/Build/tvOS/Argo.framework; sourceTree = "<group>"; };
		94AD831D1D39C7A200723D94 /* Curry.framework */ = {isa = PBXFileReference; lastKnownFileType = wrapper.framework; name = Curry.framework; path = Carthage/Build/tvOS/Curry.framework; sourceTree = "<group>"; };
		94AD831F1D39C7FE00723D94 /* Curry.framework */ = {isa = PBXFileReference; lastKnownFileType = wrapper.framework; name = Curry.framework; path = Carthage/Build/iOS/Curry.framework; sourceTree = "<group>"; };
		94AD832B1D39CA3A00723D94 /* SwiftCheck.framework */ = {isa = PBXFileReference; lastKnownFileType = wrapper.framework; name = SwiftCheck.framework; path = Carthage/Build/iOS/SwiftCheck.framework; sourceTree = "<group>"; };
		94AD832D1D39CA4100723D94 /* SwiftCheck.framework */ = {isa = PBXFileReference; lastKnownFileType = wrapper.framework; name = SwiftCheck.framework; path = Carthage/Build/Mac/SwiftCheck.framework; sourceTree = "<group>"; };
		94AD832F1D39CA4900723D94 /* SwiftCheck.framework */ = {isa = PBXFileReference; lastKnownFileType = wrapper.framework; name = SwiftCheck.framework; path = Carthage/Build/tvOS/SwiftCheck.framework; sourceTree = "<group>"; };
		94B988601D1D9F4B001E5424 /* Info.plist */ = {isa = PBXFileReference; fileEncoding = 4; lastKnownFileType = text.plist.xml; name = Info.plist; path = Resources/Info.plist; sourceTree = "<group>"; };
		94B988621D1D9F61001E5424 /* Vinyl.h */ = {isa = PBXFileReference; fileEncoding = 4; lastKnownFileType = sourcecode.c.h; name = Vinyl.h; path = Resources/Vinyl.h; sourceTree = "<group>"; };
		94B988651D1DA004001E5424 /* Info.plist */ = {isa = PBXFileReference; fileEncoding = 4; lastKnownFileType = text.plist.xml; name = Info.plist; path = Resources/Info.plist; sourceTree = "<group>"; };
		94B988691D1DA0B3001E5424 /* Turntable.swift */ = {isa = PBXFileReference; fileEncoding = 4; lastKnownFileType = sourcecode.swift; name = Turntable.swift; path = Types/Turntable.swift; sourceTree = "<group>"; };
		94B9886A1D1DA0B3001E5424 /* TurntableTask.swift */ = {isa = PBXFileReference; fileEncoding = 4; lastKnownFileType = sourcecode.swift; name = TurntableTask.swift; path = Types/TurntableTask.swift; sourceTree = "<group>"; };
		94B9886D1D1DA0C2001E5424 /* TurntableSequenceTests.swift */ = {isa = PBXFileReference; fileEncoding = 4; lastKnownFileType = sourcecode.swift; name = TurntableSequenceTests.swift; path = Types/TurntableSequenceTests.swift; sourceTree = "<group>"; };
		94E001751D39D20F0041A956 /* URLRequest.swift */ = {isa = PBXFileReference; fileEncoding = 4; lastKnownFileType = sourcecode.swift; name = URLRequest.swift; path = Extensions/URLRequest.swift; sourceTree = "<group>"; };
		94E001821D3B03C10041A956 /* TurntableSequence.swift */ = {isa = PBXFileReference; fileEncoding = 4; lastKnownFileType = sourcecode.swift; name = TurntableSequence.swift; path = Types/TurntableSequence.swift; sourceTree = "<group>"; };
		C70886301C74D452002DBB2C /* vinyl_multiple.json */ = {isa = PBXFileReference; fileEncoding = 4; lastKnownFileType = text.json; path = vinyl_multiple.json; sourceTree = "<group>"; };
		C70886311C74D452002DBB2C /* vinyl_single.json */ = {isa = PBXFileReference; fileEncoding = 4; lastKnownFileType = text.json; path = vinyl_single.json; sourceTree = "<group>"; };
		C70886341C74D470002DBB2C /* dvr_multiple.json */ = {isa = PBXFileReference; fileEncoding = 4; lastKnownFileType = text.json; path = dvr_multiple.json; sourceTree = "<group>"; };
		C70886351C74D470002DBB2C /* dvr_single.json */ = {isa = PBXFileReference; fileEncoding = 4; lastKnownFileType = text.json; path = dvr_single.json; sourceTree = "<group>"; };
		C75D79061C6DFE30004B92A9 /* Vinyl.framework */ = {isa = PBXFileReference; explicitFileType = wrapper.framework; includeInIndex = 0; path = Vinyl.framework; sourceTree = BUILT_PRODUCTS_DIR; };
		C75D79101C6DFE30004B92A9 /* Vinyl-iOSTests.xctest */ = {isa = PBXFileReference; explicitFileType = wrapper.cfbundle; includeInIndex = 0; path = "Vinyl-iOSTests.xctest"; sourceTree = BUILT_PRODUCTS_DIR; };
		E530E6171C864E1800D9B590 /* vinyl_upload.json */ = {isa = PBXFileReference; fileEncoding = 4; lastKnownFileType = text.json; path = vinyl_upload.json; sourceTree = "<group>"; };
/* End PBXFileReference section */

/* Begin PBXFrameworksBuildPhase section */
		7DBD4C7B1C79CA24008C5487 /* Frameworks */ = {
			isa = PBXFrameworksBuildPhase;
			buildActionMask = 2147483647;
			files = (
				94AD83191D39C76C00723D94 /* Argo.framework in Frameworks */,
				94AD831A1D39C76C00723D94 /* Curry.framework in Frameworks */,
			);
			runOnlyForDeploymentPostprocessing = 0;
		};
		7DBD4C851C79CA24008C5487 /* Frameworks */ = {
			isa = PBXFrameworksBuildPhase;
			buildActionMask = 2147483647;
			files = (
				7DBD4C891C79CA24008C5487 /* Vinyl.framework in Frameworks */,
				94AD832E1D39CA4100723D94 /* SwiftCheck.framework in Frameworks */,
			);
			runOnlyForDeploymentPostprocessing = 0;
		};
		7DBD4CA51C79CC4C008C5487 /* Frameworks */ = {
			isa = PBXFrameworksBuildPhase;
			buildActionMask = 2147483647;
			files = (
				94AD831C1D39C77200723D94 /* Argo.framework in Frameworks */,
				94AD831E1D39C7A200723D94 /* Curry.framework in Frameworks */,
			);
			runOnlyForDeploymentPostprocessing = 0;
		};
		7DBD4CAF1C79CC4D008C5487 /* Frameworks */ = {
			isa = PBXFrameworksBuildPhase;
			buildActionMask = 2147483647;
			files = (
				7DBD4CB31C79CC4D008C5487 /* Vinyl.framework in Frameworks */,
				94AD83301D39CA4900723D94 /* SwiftCheck.framework in Frameworks */,
			);
			runOnlyForDeploymentPostprocessing = 0;
		};
		C75D79021C6DFE30004B92A9 /* Frameworks */ = {
			isa = PBXFrameworksBuildPhase;
			buildActionMask = 2147483647;
			files = (
				94AD83161D39C75A00723D94 /* Argo.framework in Frameworks */,
				94AD83201D39C7FE00723D94 /* Curry.framework in Frameworks */,
			);
			runOnlyForDeploymentPostprocessing = 0;
		};
		C75D790D1C6DFE30004B92A9 /* Frameworks */ = {
			isa = PBXFrameworksBuildPhase;
			buildActionMask = 2147483647;
			files = (
				C75D79111C6DFE30004B92A9 /* Vinyl.framework in Frameworks */,
				94AD832C1D39CA3A00723D94 /* SwiftCheck.framework in Frameworks */,
			);
			runOnlyForDeploymentPostprocessing = 0;
		};
/* End PBXFrameworksBuildPhase section */

/* Begin PBXGroup section */
		942F7EA01D39CF0500508FBB /* Extensions */ = {
			isa = PBXGroup;
			children = (
				942F7ECE1D39D02F00508FBB /* Dictionary.swift */,
				9459713B1D3D50F400627C2D /* HTTPURLResponse.swift */,
				942F7ECF1D39D02F00508FBB /* JSON.swift */,
				94E001751D39D20F0041A956 /* URLRequest.swift */,
			);
			name = Extensions;
			sourceTree = "<group>";
		};
		942F7ED21D39D03400508FBB /* Functions */ = {
			isa = PBXGroup;
			children = (
				942F7ED31D39D04D00508FBB /* ArgoDecoders.swift */,
			);
			name = Functions;
			sourceTree = "<group>";
		};
		942F7ED51D39D07D00508FBB /* Helpers */ = {
			isa = PBXGroup;
			children = (
				942F7EEF1D39D0B600508FBB /* Argo+JSON+Test+Helpers.swift */,
				9476A26F1D3E9AF100D09DDB /* CurryDelegateAsCallback.swift */,
				9476A2671D3E9A5200D09DDB /* ExpectResponseFromDelegate.swift */,
				942F7EF01D39D0B600508FBB /* String.swift */,
				942F7EF11D39D0B600508FBB /* Track+Arbitrary.swift */,
			);
			name = Helpers;
			sourceTree = "<group>";
		};
		942F7ED61D39D08900508FBB /* Partials */ = {
			isa = PBXGroup;
			children = (
				942F7ED71D39D09600508FBB /* request_empty.json */,
				942F7ED81D39D09600508FBB /* request_with_base64_body.json */,
				942F7ED91D39D09600508FBB /* request_with_json_body.json */,
				942F7EDA1D39D09600508FBB /* request_with_malformed_header_integer.json */,
				942F7EDB1D39D09600508FBB /* request_with_malformed_headers.json */,
				942F7EDC1D39D09600508FBB /* request_with_malformed_url_as_object.json */,
				942F7EDD1D39D09600508FBB /* request_with_malformed_url.json */,
				942F7EDE1D39D09700508FBB /* request_with_text_body.json */,
				942F7EDF1D39D09700508FBB /* request_with_url_and_get.json */,
				942F7EE01D39D09700508FBB /* request_without_method.json */,
				942F7EE11D39D09700508FBB /* request_without_url.json */,
				9476A25E1D3E896600D09DDB /* response_valid_with_text_body.json */,
				9476A2771D3ED51400D09DDB /* response_valid_without_status.json */,
			);
			name = Partials;
			sourceTree = "<group>";
		};
		94AD83141D39C75A00723D94 /* Frameworks */ = {
			isa = PBXGroup;
			children = (
				94AD832F1D39CA4900723D94 /* SwiftCheck.framework */,
				94AD832D1D39CA4100723D94 /* SwiftCheck.framework */,
				94AD832B1D39CA3A00723D94 /* SwiftCheck.framework */,
				94AD831F1D39C7FE00723D94 /* Curry.framework */,
				94AD831D1D39C7A200723D94 /* Curry.framework */,
				94AD831B1D39C77200723D94 /* Argo.framework */,
				94AD83171D39C76C00723D94 /* Argo.framework */,
				94AD83181D39C76C00723D94 /* Curry.framework */,
				94AD83151D39C75A00723D94 /* Argo.framework */,
			);
			name = Frameworks;
			sourceTree = "<group>";
		};
		94B9885F1D1D9F13001E5424 /* Resources */ = {
			isa = PBXGroup;
			children = (
				94B988601D1D9F4B001E5424 /* Info.plist */,
				94B988621D1D9F61001E5424 /* Vinyl.h */,
			);
			name = Resources;
			sourceTree = "<group>";
		};
		94B988641D1D9FBE001E5424 /* Resources */ = {
			isa = PBXGroup;
			children = (
				94B988651D1DA004001E5424 /* Info.plist */,
			);
			name = Resources;
			sourceTree = "<group>";
		};
		94B988671D1DA038001E5424 /* Types */ = {
			isa = PBXGroup;
			children = (
				942CCBF61D3BD4B200752A1C /* PlaybackSequenceMatchTypeTests.swift */,
				942F7EF51D39D0CD00508FBB /* TrackContentTypeTests.swift */,
				942F7EF61D39D0CD00508FBB /* TrackRequestMethodCreationTests.swift */,
				942F7EF71D39D0CD00508FBB /* TrackRequestTests.swift */,
				942F7EF81D39D0CD00508FBB /* TrackResponseTests.swift */,
				945971371D3D49AA00627C2D /* TurntableIntegrationTests.swift */,
				94B9886D1D1DA0C2001E5424 /* TurntableSequenceTests.swift */,
				942CCBF21D3B0C9500752A1C /* VinylTests.swift */,
			);
			name = Types;
			sourceTree = "<group>";
		};
		94B988681D1DA0A2001E5424 /* Types */ = {
			isa = PBXGroup;
			children = (
				942F7EA61D39CF2100508FBB /* Track.swift */,
				94B988691D1DA0B3001E5424 /* Turntable.swift */,
				942F7EA71D39CF2100508FBB /* TurntableError.swift */,
				94E001821D3B03C10041A956 /* TurntableSequence.swift */,
				94B9886A1D1DA0B3001E5424 /* TurntableTask.swift */,
				942F7EA41D39CF2100508FBB /* Vinyl.swift */,
			);
			name = Types;
			sourceTree = "<group>";
		};
		C708862F1C74D452002DBB2C /* Fixtures */ = {
			isa = PBXGroup;
			children = (
				942F7ED61D39D08900508FBB /* Partials */,
				C70886341C74D470002DBB2C /* dvr_multiple.json */,
				C70886351C74D470002DBB2C /* dvr_single.json */,
				942F7EB41D39CF4C00508FBB /* vinyl_method_path_and_headers.json */,
				C70886301C74D452002DBB2C /* vinyl_multiple.json */,
				C70886311C74D452002DBB2C /* vinyl_single.json */,
				E530E6171C864E1800D9B590 /* vinyl_upload.json */,
			);
			path = Fixtures;
			sourceTree = "<group>";
		};
		C75D78FC1C6DFE30004B92A9 = {
			isa = PBXGroup;
			children = (
				C75D79081C6DFE30004B92A9 /* Vinyl */,
				C75D79141C6DFE30004B92A9 /* VinylTests */,
				C75D79071C6DFE30004B92A9 /* Products */,
				94AD83141D39C75A00723D94 /* Frameworks */,
			);
			sourceTree = "<group>";
		};
		C75D79071C6DFE30004B92A9 /* Products */ = {
			isa = PBXGroup;
			children = (
				C75D79061C6DFE30004B92A9 /* Vinyl.framework */,
				C75D79101C6DFE30004B92A9 /* Vinyl-iOSTests.xctest */,
				7DBD4C7F1C79CA24008C5487 /* Vinyl.framework */,
				7DBD4C881C79CA24008C5487 /* Vinyl-MacTests.xctest */,
				7DBD4CA91C79CC4C008C5487 /* Vinyl.framework */,
				7DBD4CB21C79CC4D008C5487 /* Vinyl-tvOSTests.xctest */,
			);
			name = Products;
			sourceTree = "<group>";
		};
		C75D79081C6DFE30004B92A9 /* Vinyl */ = {
			isa = PBXGroup;
			children = (
				942F7EA01D39CF0500508FBB /* Extensions */,
				942F7ED21D39D03400508FBB /* Functions */,
				94B9885F1D1D9F13001E5424 /* Resources */,
				94B988681D1DA0A2001E5424 /* Types */,
			);
			path = Vinyl;
			sourceTree = "<group>";
		};
		C75D79141C6DFE30004B92A9 /* VinylTests */ = {
			isa = PBXGroup;
			children = (
				C708862F1C74D452002DBB2C /* Fixtures */,
				942F7ED51D39D07D00508FBB /* Helpers */,
				94B988641D1D9FBE001E5424 /* Resources */,
				94B988671D1DA038001E5424 /* Types */,
			);
			path = VinylTests;
			sourceTree = "<group>";
		};
/* End PBXGroup section */

/* Begin PBXHeadersBuildPhase section */
		7DBD4C7C1C79CA24008C5487 /* Headers */ = {
			isa = PBXHeadersBuildPhase;
			buildActionMask = 2147483647;
			files = (
				94B9886F1D1DA20D001E5424 /* Vinyl.h in Headers */,
			);
			runOnlyForDeploymentPostprocessing = 0;
		};
		7DBD4CA61C79CC4C008C5487 /* Headers */ = {
			isa = PBXHeadersBuildPhase;
			buildActionMask = 2147483647;
			files = (
				94B988701D1DA215001E5424 /* Vinyl.h in Headers */,
			);
			runOnlyForDeploymentPostprocessing = 0;
		};
		C75D79031C6DFE30004B92A9 /* Headers */ = {
			isa = PBXHeadersBuildPhase;
			buildActionMask = 2147483647;
			files = (
				94B988631D1D9F61001E5424 /* Vinyl.h in Headers */,
			);
			runOnlyForDeploymentPostprocessing = 0;
		};
/* End PBXHeadersBuildPhase section */

/* Begin PBXNativeTarget section */
		7DBD4C7E1C79CA24008C5487 /* Vinyl-Mac */ = {
			isa = PBXNativeTarget;
			buildConfigurationList = 7DBD4C901C79CA24008C5487 /* Build configuration list for PBXNativeTarget "Vinyl-Mac" */;
			buildPhases = (
				7DBD4C7A1C79CA24008C5487 /* Sources */,
				7DBD4C7B1C79CA24008C5487 /* Frameworks */,
				7DBD4C7C1C79CA24008C5487 /* Headers */,
				7DBD4C7D1C79CA24008C5487 /* Resources */,
			);
			buildRules = (
			);
			dependencies = (
			);
			name = "Vinyl-Mac";
			productName = "Vinyl-Mac";
			productReference = 7DBD4C7F1C79CA24008C5487 /* Vinyl.framework */;
			productType = "com.apple.product-type.framework";
		};
		7DBD4C871C79CA24008C5487 /* Vinyl-MacTests */ = {
			isa = PBXNativeTarget;
			buildConfigurationList = 7DBD4C931C79CA24008C5487 /* Build configuration list for PBXNativeTarget "Vinyl-MacTests" */;
			buildPhases = (
				7DBD4C841C79CA24008C5487 /* Sources */,
				7DBD4C851C79CA24008C5487 /* Frameworks */,
				7DBD4C9E1C79CAEF008C5487 /* CopyFiles */,
				7DBD4C861C79CA24008C5487 /* Resources */,
			);
			buildRules = (
			);
			dependencies = (
				7DBD4C8B1C79CA24008C5487 /* PBXTargetDependency */,
			);
			name = "Vinyl-MacTests";
			productName = "Vinyl-MacTests";
			productReference = 7DBD4C881C79CA24008C5487 /* Vinyl-MacTests.xctest */;
			productType = "com.apple.product-type.bundle.unit-test";
		};
		7DBD4CA81C79CC4C008C5487 /* Vinyl-tvOS */ = {
			isa = PBXNativeTarget;
			buildConfigurationList = 7DBD4CBA1C79CC4D008C5487 /* Build configuration list for PBXNativeTarget "Vinyl-tvOS" */;
			buildPhases = (
				7DBD4CA41C79CC4C008C5487 /* Sources */,
				7DBD4CA51C79CC4C008C5487 /* Frameworks */,
				7DBD4CA61C79CC4C008C5487 /* Headers */,
				7DBD4CA71C79CC4C008C5487 /* Resources */,
			);
			buildRules = (
			);
			dependencies = (
			);
			name = "Vinyl-tvOS";
			productName = "Vinyl-tvOS";
			productReference = 7DBD4CA91C79CC4C008C5487 /* Vinyl.framework */;
			productType = "com.apple.product-type.framework";
		};
		7DBD4CB11C79CC4D008C5487 /* Vinyl-tvOSTests */ = {
			isa = PBXNativeTarget;
			buildConfigurationList = 7DBD4CBD1C79CC4D008C5487 /* Build configuration list for PBXNativeTarget "Vinyl-tvOSTests" */;
			buildPhases = (
				7DBD4CAE1C79CC4D008C5487 /* Sources */,
				7DBD4CAF1C79CC4D008C5487 /* Frameworks */,
				7DBD4D021C79CD83008C5487 /* CopyFiles */,
				7DBD4CB01C79CC4D008C5487 /* Resources */,
			);
			buildRules = (
			);
			dependencies = (
				7DBD4CB51C79CC4D008C5487 /* PBXTargetDependency */,
			);
			name = "Vinyl-tvOSTests";
			productName = "Vinyl-tvOSTests";
			productReference = 7DBD4CB21C79CC4D008C5487 /* Vinyl-tvOSTests.xctest */;
			productType = "com.apple.product-type.bundle.unit-test";
		};
		C75D79051C6DFE30004B92A9 /* Vinyl-iOS */ = {
			isa = PBXNativeTarget;
			buildConfigurationList = C75D791A1C6DFE30004B92A9 /* Build configuration list for PBXNativeTarget "Vinyl-iOS" */;
			buildPhases = (
				C75D79011C6DFE30004B92A9 /* Sources */,
				C75D79021C6DFE30004B92A9 /* Frameworks */,
				C75D79031C6DFE30004B92A9 /* Headers */,
				C75D79041C6DFE30004B92A9 /* Resources */,
			);
			buildRules = (
			);
			dependencies = (
			);
			name = "Vinyl-iOS";
			productName = Vinyl;
			productReference = C75D79061C6DFE30004B92A9 /* Vinyl.framework */;
			productType = "com.apple.product-type.framework";
		};
		C75D790F1C6DFE30004B92A9 /* Vinyl-iOSTests */ = {
			isa = PBXNativeTarget;
			buildConfigurationList = C75D791D1C6DFE30004B92A9 /* Build configuration list for PBXNativeTarget "Vinyl-iOSTests" */;
			buildPhases = (
				C75D790C1C6DFE30004B92A9 /* Sources */,
				C75D790D1C6DFE30004B92A9 /* Frameworks */,
				82D8B7751C78E51400D8E037 /* CopyFiles */,
				C75D790E1C6DFE30004B92A9 /* Resources */,
			);
			buildRules = (
			);
			dependencies = (
				C75D79131C6DFE30004B92A9 /* PBXTargetDependency */,
			);
			name = "Vinyl-iOSTests";
			productName = VinylTests;
			productReference = C75D79101C6DFE30004B92A9 /* Vinyl-iOSTests.xctest */;
			productType = "com.apple.product-type.bundle.unit-test";
		};
/* End PBXNativeTarget section */

/* Begin PBXProject section */
		C75D78FD1C6DFE30004B92A9 /* Project object */ = {
			isa = PBXProject;
			attributes = {
				LastSwiftUpdateCheck = 0720;
				LastUpgradeCheck = 0800;
				ORGANIZATIONNAME = Velhotes;
				TargetAttributes = {
					7DBD4C7E1C79CA24008C5487 = {
						CreatedOnToolsVersion = 7.2.1;
					};
					7DBD4C871C79CA24008C5487 = {
						CreatedOnToolsVersion = 7.2.1;
					};
					7DBD4CA81C79CC4C008C5487 = {
						CreatedOnToolsVersion = 7.2.1;
					};
					7DBD4CB11C79CC4D008C5487 = {
						CreatedOnToolsVersion = 7.2.1;
					};
					C75D79051C6DFE30004B92A9 = {
						CreatedOnToolsVersion = 7.2.1;
						LastSwiftMigration = 0800;
					};
					C75D790F1C6DFE30004B92A9 = {
						CreatedOnToolsVersion = 7.2.1;
						LastSwiftMigration = 0800;
					};
				};
			};
			buildConfigurationList = C75D79001C6DFE30004B92A9 /* Build configuration list for PBXProject "Vinyl" */;
			compatibilityVersion = "Xcode 3.2";
			developmentRegion = English;
			hasScannedForEncodings = 0;
			knownRegions = (
				en,
			);
			mainGroup = C75D78FC1C6DFE30004B92A9;
			productRefGroup = C75D79071C6DFE30004B92A9 /* Products */;
			projectDirPath = "";
			projectRoot = "";
			targets = (
				C75D79051C6DFE30004B92A9 /* Vinyl-iOS */,
				C75D790F1C6DFE30004B92A9 /* Vinyl-iOSTests */,
				7DBD4C7E1C79CA24008C5487 /* Vinyl-Mac */,
				7DBD4C871C79CA24008C5487 /* Vinyl-MacTests */,
				7DBD4CA81C79CC4C008C5487 /* Vinyl-tvOS */,
				7DBD4CB11C79CC4D008C5487 /* Vinyl-tvOSTests */,
			);
		};
/* End PBXProject section */

/* Begin PBXResourcesBuildPhase section */
		7DBD4C7D1C79CA24008C5487 /* Resources */ = {
			isa = PBXResourcesBuildPhase;
			buildActionMask = 2147483647;
			files = (
			);
			runOnlyForDeploymentPostprocessing = 0;
		};
		7DBD4C861C79CA24008C5487 /* Resources */ = {
			isa = PBXResourcesBuildPhase;
			buildActionMask = 2147483647;
			files = (
				9476A27A1D3ED53A00D09DDB /* response_valid_without_status.json in Resources */,
				9476A2611D3E8CDB00D09DDB /* response_valid_with_text_body.json in Resources */,
				942F7F361D39D15E00508FBB /* request_empty.json in Resources */,
				942F7F371D39D15E00508FBB /* request_with_base64_body.json in Resources */,
				942F7F381D39D15E00508FBB /* request_with_json_body.json in Resources */,
				942F7F391D39D15E00508FBB /* request_with_malformed_header_integer.json in Resources */,
				942F7F3A1D39D15E00508FBB /* request_with_malformed_headers.json in Resources */,
				942F7F3B1D39D15E00508FBB /* request_with_malformed_url_as_object.json in Resources */,
				942F7F3C1D39D15E00508FBB /* request_with_malformed_url.json in Resources */,
				942F7F3D1D39D15E00508FBB /* request_with_text_body.json in Resources */,
				942F7F3E1D39D15E00508FBB /* request_with_url_and_get.json in Resources */,
				942F7F3F1D39D15E00508FBB /* request_without_method.json in Resources */,
				942F7F401D39D15E00508FBB /* request_without_url.json in Resources */,
				942F7ECC1D39CFA400508FBB /* vinyl_method_path_and_headers.json in Resources */,
				7DBD4CA01C79CB18008C5487 /* dvr_multiple.json in Resources */,
				7DBD4CA11C79CB18008C5487 /* dvr_single.json in Resources */,
				E530E6191C864E1800D9B590 /* vinyl_upload.json in Resources */,
				7DBD4CA21C79CB18008C5487 /* vinyl_multiple.json in Resources */,
				7DBD4CA31C79CB18008C5487 /* vinyl_single.json in Resources */,
			);
			runOnlyForDeploymentPostprocessing = 0;
		};
		7DBD4CA71C79CC4C008C5487 /* Resources */ = {
			isa = PBXResourcesBuildPhase;
			buildActionMask = 2147483647;
			files = (
			);
			runOnlyForDeploymentPostprocessing = 0;
		};
		7DBD4CB01C79CC4D008C5487 /* Resources */ = {
			isa = PBXResourcesBuildPhase;
			buildActionMask = 2147483647;
			files = (
				9476A27B1D3ED54100D09DDB /* response_valid_without_status.json in Resources */,
				9476A2621D3E8CE100D09DDB /* response_valid_with_text_body.json in Resources */,
				942F7F181D39D13700508FBB /* request_empty.json in Resources */,
				942F7F191D39D13700508FBB /* request_with_base64_body.json in Resources */,
				942F7F1A1D39D13700508FBB /* request_with_json_body.json in Resources */,
				942F7F1B1D39D13700508FBB /* request_with_malformed_header_integer.json in Resources */,
				942F7F1C1D39D13700508FBB /* request_with_malformed_headers.json in Resources */,
				942F7F1D1D39D13700508FBB /* request_with_malformed_url_as_object.json in Resources */,
				942F7F1E1D39D13700508FBB /* request_with_malformed_url.json in Resources */,
				942F7F1F1D39D13700508FBB /* request_with_text_body.json in Resources */,
				942F7F201D39D13700508FBB /* request_with_url_and_get.json in Resources */,
				942F7F211D39D13700508FBB /* request_without_method.json in Resources */,
				942F7F221D39D13700508FBB /* request_without_url.json in Resources */,
				942F7ECD1D39CFA900508FBB /* vinyl_method_path_and_headers.json in Resources */,
				7DBD4D061C79CDAF008C5487 /* dvr_multiple.json in Resources */,
				7DBD4D071C79CDAF008C5487 /* dvr_single.json in Resources */,
				E530E61A1C864E1800D9B590 /* vinyl_upload.json in Resources */,
				7DBD4D081C79CDAF008C5487 /* vinyl_multiple.json in Resources */,
				7DBD4D091C79CDAF008C5487 /* vinyl_single.json in Resources */,
			);
			runOnlyForDeploymentPostprocessing = 0;
		};
		C75D79041C6DFE30004B92A9 /* Resources */ = {
			isa = PBXResourcesBuildPhase;
			buildActionMask = 2147483647;
			files = (
			);
			runOnlyForDeploymentPostprocessing = 0;
		};
		C75D790E1C6DFE30004B92A9 /* Resources */ = {
			isa = PBXResourcesBuildPhase;
			buildActionMask = 2147483647;
			files = (
				9476A2791D3ED53100D09DDB /* response_valid_without_status.json in Resources */,
				9476A2601D3E8CD600D09DDB /* response_valid_with_text_body.json in Resources */,
				942F7F421D39D17500508FBB /* request_empty.json in Resources */,
				942F7F431D39D17500508FBB /* request_with_base64_body.json in Resources */,
				942F7F441D39D17500508FBB /* request_with_json_body.json in Resources */,
				942F7F451D39D17500508FBB /* request_with_malformed_header_integer.json in Resources */,
				942F7F461D39D17500508FBB /* request_with_malformed_headers.json in Resources */,
				942F7F471D39D17500508FBB /* request_with_malformed_url_as_object.json in Resources */,
				942F7F481D39D17500508FBB /* request_with_malformed_url.json in Resources */,
				942F7F491D39D17500508FBB /* request_with_text_body.json in Resources */,
				942F7F4A1D39D17500508FBB /* request_with_url_and_get.json in Resources */,
				942F7F4B1D39D17500508FBB /* request_without_method.json in Resources */,
				942F7F4C1D39D17500508FBB /* request_without_url.json in Resources */,
				942F7ECB1D39CF9E00508FBB /* vinyl_method_path_and_headers.json in Resources */,
				C70886361C74D470002DBB2C /* dvr_multiple.json in Resources */,
				C70886371C74D470002DBB2C /* dvr_single.json in Resources */,
				E530E6181C864E1800D9B590 /* vinyl_upload.json in Resources */,
				C70886321C74D452002DBB2C /* vinyl_multiple.json in Resources */,
				C70886331C74D452002DBB2C /* vinyl_single.json in Resources */,
			);
			runOnlyForDeploymentPostprocessing = 0;
		};
/* End PBXResourcesBuildPhase section */

/* Begin PBXSourcesBuildPhase section */
		7DBD4C7A1C79CA24008C5487 /* Sources */ = {
			isa = PBXSourcesBuildPhase;
			buildActionMask = 2147483647;
			files = (
				94E001771D39D21C0041A956 /* URLRequest.swift in Sources */,
				94E001871D3B03C10041A956 /* TurntableSequence.swift in Sources */,
				942F7EFD1D39D0F500508FBB /* Dictionary.swift in Sources */,
				942F7EFE1D39D0F500508FBB /* JSON.swift in Sources */,
				9459713D1D3D50F400627C2D /* HTTPURLResponse.swift in Sources */,
				942F7EFF1D39D0F500508FBB /* ArgoDecoders.swift in Sources */,
				942F7EB81D39CF6400508FBB /* Vinyl.swift in Sources */,
				942F7EBA1D39CF6400508FBB /* Track.swift in Sources */,
				942F7EBB1D39CF6400508FBB /* TurntableError.swift in Sources */,
				94AD83241D39C8CD00723D94 /* Turntable.swift in Sources */,
				94AD83251D39C8CD00723D94 /* TurntableTask.swift in Sources */,
			);
			runOnlyForDeploymentPostprocessing = 0;
		};
		7DBD4C841C79CA24008C5487 /* Sources */ = {
			isa = PBXSourcesBuildPhase;
			buildActionMask = 2147483647;
			files = (
				942CCBF41D3B0C9500752A1C /* VinylTests.swift in Sources */,
				9476A2711D3E9AF100D09DDB /* CurryDelegateAsCallback.swift in Sources */,
				942F7F0A1D39D11800508FBB /* Argo+JSON+Test+Helpers.swift in Sources */,
				942F7F0B1D39D11800508FBB /* String.swift in Sources */,
				942F7F0C1D39D11800508FBB /* Track+Arbitrary.swift in Sources */,
				942F7F0D1D39D11800508FBB /* TrackContentTypeTests.swift in Sources */,
				942F7F0E1D39D11800508FBB /* TrackRequestMethodCreationTests.swift in Sources */,
				942CCBF81D3BD4B200752A1C /* PlaybackSequenceMatchTypeTests.swift in Sources */,
				942F7F0F1D39D11800508FBB /* TrackRequestTests.swift in Sources */,
				942F7F101D39D11800508FBB /* TrackResponseTests.swift in Sources */,
				9476A2691D3E9A5200D09DDB /* ExpectResponseFromDelegate.swift in Sources */,
				945971391D3D49AA00627C2D /* TurntableIntegrationTests.swift in Sources */,
				94AD83291D39C8E000723D94 /* TurntableSequenceTests.swift in Sources */,
			);
			runOnlyForDeploymentPostprocessing = 0;
		};
		7DBD4CA41C79CC4C008C5487 /* Sources */ = {
			isa = PBXSourcesBuildPhase;
			buildActionMask = 2147483647;
			files = (
				94E001781D39D2260041A956 /* URLRequest.swift in Sources */,
				94E001881D3B03C10041A956 /* TurntableSequence.swift in Sources */,
				942F7F001D39D0FC00508FBB /* Dictionary.swift in Sources */,
				942F7F011D39D0FC00508FBB /* JSON.swift in Sources */,
				9459713E1D3D50F400627C2D /* HTTPURLResponse.swift in Sources */,
				942F7F021D39D0FC00508FBB /* ArgoDecoders.swift in Sources */,
				942F7EBE1D39CF7800508FBB /* Vinyl.swift in Sources */,
				942F7EC01D39CF7800508FBB /* Track.swift in Sources */,
				942F7EC11D39CF7800508FBB /* TurntableError.swift in Sources */,
				94AD83261D39C8D300723D94 /* Turntable.swift in Sources */,
				94AD83271D39C8D300723D94 /* TurntableTask.swift in Sources */,
			);
			runOnlyForDeploymentPostprocessing = 0;
		};
		7DBD4CAE1C79CC4D008C5487 /* Sources */ = {
			isa = PBXSourcesBuildPhase;
			buildActionMask = 2147483647;
			files = (
				942CCBF51D3B0C9500752A1C /* VinylTests.swift in Sources */,
				9476A2721D3E9AF100D09DDB /* CurryDelegateAsCallback.swift in Sources */,
				942F7F111D39D12500508FBB /* Argo+JSON+Test+Helpers.swift in Sources */,
				942F7F121D39D12500508FBB /* String.swift in Sources */,
				942F7F131D39D12500508FBB /* Track+Arbitrary.swift in Sources */,
				942F7F141D39D12500508FBB /* TrackContentTypeTests.swift in Sources */,
				942F7F151D39D12500508FBB /* TrackRequestMethodCreationTests.swift in Sources */,
				942CCBF91D3BD4B200752A1C /* PlaybackSequenceMatchTypeTests.swift in Sources */,
				942F7F161D39D12500508FBB /* TrackRequestTests.swift in Sources */,
				942F7F171D39D12500508FBB /* TrackResponseTests.swift in Sources */,
				9476A26A1D3E9A5200D09DDB /* ExpectResponseFromDelegate.swift in Sources */,
				9459713A1D3D49AA00627C2D /* TurntableIntegrationTests.swift in Sources */,
				94AD832A1D39C8E600723D94 /* TurntableSequenceTests.swift in Sources */,
			);
			runOnlyForDeploymentPostprocessing = 0;
		};
		C75D79011C6DFE30004B92A9 /* Sources */ = {
			isa = PBXSourcesBuildPhase;
			buildActionMask = 2147483647;
			files = (
				94E001861D3B03C10041A956 /* TurntableSequence.swift in Sources */,
				942F7ED11D39D02F00508FBB /* JSON.swift in Sources */,
				9459713C1D3D50F400627C2D /* HTTPURLResponse.swift in Sources */,
				942F7ED41D39D04D00508FBB /* ArgoDecoders.swift in Sources */,
				942F7EAC1D39CF2100508FBB /* TurntableError.swift in Sources */,
				94B9886C1D1DA0B3001E5424 /* TurntableTask.swift in Sources */,
				942F7EA91D39CF2100508FBB /* Vinyl.swift in Sources */,
				942F7ED01D39D02F00508FBB /* Dictionary.swift in Sources */,
				94B9886B1D1DA0B3001E5424 /* Turntable.swift in Sources */,
				942F7EAB1D39CF2100508FBB /* Track.swift in Sources */,
				94E001761D39D20F0041A956 /* URLRequest.swift in Sources */,
			);
			runOnlyForDeploymentPostprocessing = 0;
		};
		C75D790C1C6DFE30004B92A9 /* Sources */ = {
			isa = PBXSourcesBuildPhase;
			buildActionMask = 2147483647;
			files = (
				942CCBF31D3B0C9500752A1C /* VinylTests.swift in Sources */,
				9476A2701D3E9AF100D09DDB /* CurryDelegateAsCallback.swift in Sources */,
				942F7F031D39D10A00508FBB /* Argo+JSON+Test+Helpers.swift in Sources */,
				942F7F041D39D10A00508FBB /* String.swift in Sources */,
				942F7F051D39D10A00508FBB /* Track+Arbitrary.swift in Sources */,
				942F7F061D39D10A00508FBB /* TrackContentTypeTests.swift in Sources */,
				942F7F071D39D10A00508FBB /* TrackRequestMethodCreationTests.swift in Sources */,
				942CCBF71D3BD4B200752A1C /* PlaybackSequenceMatchTypeTests.swift in Sources */,
				942F7F081D39D10A00508FBB /* TrackRequestTests.swift in Sources */,
				942F7F091D39D10A00508FBB /* TrackResponseTests.swift in Sources */,
				9476A2681D3E9A5200D09DDB /* ExpectResponseFromDelegate.swift in Sources */,
				945971381D3D49AA00627C2D /* TurntableIntegrationTests.swift in Sources */,
				94AD83281D39C8DA00723D94 /* TurntableSequenceTests.swift in Sources */,
			);
			runOnlyForDeploymentPostprocessing = 0;
		};
/* End PBXSourcesBuildPhase section */

/* Begin PBXTargetDependency section */
		7DBD4C8B1C79CA24008C5487 /* PBXTargetDependency */ = {
			isa = PBXTargetDependency;
			target = 7DBD4C7E1C79CA24008C5487 /* Vinyl-Mac */;
			targetProxy = 7DBD4C8A1C79CA24008C5487 /* PBXContainerItemProxy */;
		};
		7DBD4CB51C79CC4D008C5487 /* PBXTargetDependency */ = {
			isa = PBXTargetDependency;
			target = 7DBD4CA81C79CC4C008C5487 /* Vinyl-tvOS */;
			targetProxy = 7DBD4CB41C79CC4D008C5487 /* PBXContainerItemProxy */;
		};
		C75D79131C6DFE30004B92A9 /* PBXTargetDependency */ = {
			isa = PBXTargetDependency;
			target = C75D79051C6DFE30004B92A9 /* Vinyl-iOS */;
			targetProxy = C75D79121C6DFE30004B92A9 /* PBXContainerItemProxy */;
		};
/* End PBXTargetDependency section */

/* Begin XCBuildConfiguration section */
		7DBD4C911C79CA24008C5487 /* Debug */ = {
			isa = XCBuildConfiguration;
			buildSettings = {
				CODE_SIGN_IDENTITY = "-";
				COMBINE_HIDPI_IMAGES = YES;
				DEFINES_MODULE = YES;
				DYLIB_COMPATIBILITY_VERSION = 1;
				DYLIB_CURRENT_VERSION = 1;
				DYLIB_INSTALL_NAME_BASE = "@rpath";
				FRAMEWORK_SEARCH_PATHS = (
					"$(inherited)",
					"$(PROJECT_DIR)/Carthage/Build/Mac",
				);
				FRAMEWORK_VERSION = A;
				INFOPLIST_FILE = Vinyl/Resources/Info.plist;
				INSTALL_PATH = "$(LOCAL_LIBRARY_DIR)/Frameworks";
				LD_RUNPATH_SEARCH_PATHS = "$(inherited) @executable_path/../Frameworks @loader_path/Frameworks";
				MACOSX_DEPLOYMENT_TARGET = 10.11;
				PRODUCT_BUNDLE_IDENTIFIER = velhotes.Vinyl;
				PRODUCT_NAME = Vinyl;
				SDKROOT = macosx;
				SKIP_INSTALL = YES;
				SWIFT_VERSION = 3.0;
			};
			name = Debug;
		};
		7DBD4C921C79CA24008C5487 /* Release */ = {
			isa = XCBuildConfiguration;
			buildSettings = {
				CODE_SIGN_IDENTITY = "-";
				COMBINE_HIDPI_IMAGES = YES;
				DEFINES_MODULE = YES;
				DYLIB_COMPATIBILITY_VERSION = 1;
				DYLIB_CURRENT_VERSION = 1;
				DYLIB_INSTALL_NAME_BASE = "@rpath";
				FRAMEWORK_SEARCH_PATHS = (
					"$(inherited)",
					"$(PROJECT_DIR)/Carthage/Build/Mac",
				);
				FRAMEWORK_VERSION = A;
				INFOPLIST_FILE = Vinyl/Resources/Info.plist;
				INSTALL_PATH = "$(LOCAL_LIBRARY_DIR)/Frameworks";
				LD_RUNPATH_SEARCH_PATHS = "$(inherited) @executable_path/../Frameworks @loader_path/Frameworks";
				MACOSX_DEPLOYMENT_TARGET = 10.11;
				PRODUCT_BUNDLE_IDENTIFIER = velhotes.Vinyl;
				PRODUCT_NAME = Vinyl;
				SDKROOT = macosx;
				SKIP_INSTALL = YES;
				SWIFT_OPTIMIZATION_LEVEL = "-Owholemodule";
				SWIFT_VERSION = 3.0;
			};
			name = Release;
		};
		7DBD4C941C79CA24008C5487 /* Debug */ = {
			isa = XCBuildConfiguration;
			buildSettings = {
				CODE_SIGN_IDENTITY = "-";
				COMBINE_HIDPI_IMAGES = YES;
				FRAMEWORK_SEARCH_PATHS = (
					"$(inherited)",
					"$(PROJECT_DIR)/Carthage/Build/Mac",
				);
				INFOPLIST_FILE = VinylTests/Resources/Info.plist;
				LD_RUNPATH_SEARCH_PATHS = "$(inherited) @executable_path/../Frameworks @loader_path/../Frameworks $(PROJECT_DIR)/Carthage/Build/Mac";
				MACOSX_DEPLOYMENT_TARGET = 10.11;
				PRODUCT_BUNDLE_IDENTIFIER = velhotes.VinylTests;
				PRODUCT_NAME = "$(TARGET_NAME)";
				SDKROOT = macosx;
				SWIFT_VERSION = 3.0;
			};
			name = Debug;
		};
		7DBD4C951C79CA24008C5487 /* Release */ = {
			isa = XCBuildConfiguration;
			buildSettings = {
				CODE_SIGN_IDENTITY = "-";
				COMBINE_HIDPI_IMAGES = YES;
				FRAMEWORK_SEARCH_PATHS = (
					"$(inherited)",
					"$(PROJECT_DIR)/Carthage/Build/Mac",
				);
				INFOPLIST_FILE = VinylTests/Resources/Info.plist;
				LD_RUNPATH_SEARCH_PATHS = "$(inherited) @executable_path/../Frameworks @loader_path/../Frameworks $(PROJECT_DIR)/Carthage/Build/Mac";
				MACOSX_DEPLOYMENT_TARGET = 10.11;
				PRODUCT_BUNDLE_IDENTIFIER = velhotes.VinylTests;
				PRODUCT_NAME = "$(TARGET_NAME)";
				SDKROOT = macosx;
				SWIFT_OPTIMIZATION_LEVEL = "-Owholemodule";
				SWIFT_VERSION = 3.0;
			};
			name = Release;
		};
		7DBD4CBB1C79CC4D008C5487 /* Debug */ = {
			isa = XCBuildConfiguration;
			buildSettings = {
				DEFINES_MODULE = YES;
				DYLIB_COMPATIBILITY_VERSION = 1;
				DYLIB_CURRENT_VERSION = 1;
				DYLIB_INSTALL_NAME_BASE = "@rpath";
				FRAMEWORK_SEARCH_PATHS = (
					"$(inherited)",
					"$(PROJECT_DIR)/Carthage/Build/tvOS",
				);
				INFOPLIST_FILE = Vinyl/Resources/Info.plist;
				INSTALL_PATH = "$(LOCAL_LIBRARY_DIR)/Frameworks";
				LD_RUNPATH_SEARCH_PATHS = "$(inherited) @executable_path/Frameworks @loader_path/Frameworks $(SRCROOT)/Carthage/Build/tvOS";
				PRODUCT_BUNDLE_IDENTIFIER = velhotes.Vinyl;
				PRODUCT_NAME = Vinyl;
				SDKROOT = appletvos;
				SKIP_INSTALL = YES;
				SWIFT_VERSION = 3.0;
				TARGETED_DEVICE_FAMILY = 3;
				TVOS_DEPLOYMENT_TARGET = 9.1;
			};
			name = Debug;
		};
		7DBD4CBC1C79CC4D008C5487 /* Release */ = {
			isa = XCBuildConfiguration;
			buildSettings = {
				DEFINES_MODULE = YES;
				DYLIB_COMPATIBILITY_VERSION = 1;
				DYLIB_CURRENT_VERSION = 1;
				DYLIB_INSTALL_NAME_BASE = "@rpath";
				FRAMEWORK_SEARCH_PATHS = (
					"$(inherited)",
					"$(PROJECT_DIR)/Carthage/Build/tvOS",
				);
				INFOPLIST_FILE = Vinyl/Resources/Info.plist;
				INSTALL_PATH = "$(LOCAL_LIBRARY_DIR)/Frameworks";
				LD_RUNPATH_SEARCH_PATHS = "$(inherited) @executable_path/Frameworks @loader_path/Frameworks $(SRCROOT)/Carthage/Build/tvOS";
				PRODUCT_BUNDLE_IDENTIFIER = velhotes.Vinyl;
				PRODUCT_NAME = Vinyl;
				SDKROOT = appletvos;
				SKIP_INSTALL = YES;
				SWIFT_OPTIMIZATION_LEVEL = "-Owholemodule";
				SWIFT_VERSION = 3.0;
				TARGETED_DEVICE_FAMILY = 3;
				TVOS_DEPLOYMENT_TARGET = 9.1;
			};
			name = Release;
		};
		7DBD4CBE1C79CC4D008C5487 /* Debug */ = {
			isa = XCBuildConfiguration;
			buildSettings = {
				FRAMEWORK_SEARCH_PATHS = (
					"$(inherited)",
					"$(PROJECT_DIR)/Carthage/Build/tvOS",
				);
				INFOPLIST_FILE = VinylTests/Resources/Info.plist;
				LD_RUNPATH_SEARCH_PATHS = "$(inherited) @executable_path/Frameworks @loader_path/Frameworks $(PROJECT_DIR)/Carthage/Build/tvOS";
				PRODUCT_BUNDLE_IDENTIFIER = velhotes.VinylTests;
				PRODUCT_NAME = "$(TARGET_NAME)";
				SDKROOT = appletvos;
				SWIFT_VERSION = 3.0;
				TVOS_DEPLOYMENT_TARGET = 9.1;
			};
			name = Debug;
		};
		7DBD4CBF1C79CC4D008C5487 /* Release */ = {
			isa = XCBuildConfiguration;
			buildSettings = {
				FRAMEWORK_SEARCH_PATHS = (
					"$(inherited)",
					"$(PROJECT_DIR)/Carthage/Build/tvOS",
				);
				INFOPLIST_FILE = VinylTests/Resources/Info.plist;
				LD_RUNPATH_SEARCH_PATHS = "$(inherited) @executable_path/Frameworks @loader_path/Frameworks $(PROJECT_DIR)/Carthage/Build/tvOS";
				PRODUCT_BUNDLE_IDENTIFIER = velhotes.VinylTests;
				PRODUCT_NAME = "$(TARGET_NAME)";
				SDKROOT = appletvos;
				SWIFT_OPTIMIZATION_LEVEL = "-Owholemodule";
				SWIFT_VERSION = 3.0;
				TVOS_DEPLOYMENT_TARGET = 9.1;
			};
			name = Release;
		};
		C75D79181C6DFE30004B92A9 /* Debug */ = {
			isa = XCBuildConfiguration;
			buildSettings = {
				ALWAYS_SEARCH_USER_PATHS = NO;
				CLANG_CXX_LANGUAGE_STANDARD = "gnu++0x";
				CLANG_CXX_LIBRARY = "libc++";
				CLANG_ENABLE_CODE_COVERAGE = YES;
				CLANG_ENABLE_MODULES = YES;
				CLANG_ENABLE_OBJC_ARC = YES;
				CLANG_WARN_BOOL_CONVERSION = YES;
				CLANG_WARN_CONSTANT_CONVERSION = YES;
				CLANG_WARN_DIRECT_OBJC_ISA_USAGE = YES_ERROR;
				CLANG_WARN_EMPTY_BODY = YES;
				CLANG_WARN_ENUM_CONVERSION = YES;
				CLANG_WARN_INT_CONVERSION = YES;
				CLANG_WARN_OBJC_ROOT_CLASS = YES_ERROR;
				CLANG_WARN_UNREACHABLE_CODE = YES;
				CLANG_WARN__DUPLICATE_METHOD_MATCH = YES;
				"CODE_SIGN_IDENTITY[sdk=iphoneos*]" = "iPhone Developer";
				COPY_PHASE_STRIP = NO;
				CURRENT_PROJECT_VERSION = 1;
				DEBUG_INFORMATION_FORMAT = dwarf;
				ENABLE_STRICT_OBJC_MSGSEND = YES;
				ENABLE_TESTABILITY = YES;
				GCC_C_LANGUAGE_STANDARD = gnu99;
				GCC_DYNAMIC_NO_PIC = NO;
				GCC_NO_COMMON_BLOCKS = YES;
				GCC_OPTIMIZATION_LEVEL = 0;
				GCC_PREPROCESSOR_DEFINITIONS = (
					"DEBUG=1",
					"$(inherited)",
				);
				GCC_WARN_64_TO_32_BIT_CONVERSION = YES;
				GCC_WARN_ABOUT_RETURN_TYPE = YES_ERROR;
				GCC_WARN_UNDECLARED_SELECTOR = YES;
				GCC_WARN_UNINITIALIZED_AUTOS = YES_AGGRESSIVE;
				GCC_WARN_UNUSED_FUNCTION = YES;
				GCC_WARN_UNUSED_VARIABLE = YES;
				IPHONEOS_DEPLOYMENT_TARGET = 8.0;
				MTL_ENABLE_DEBUG_INFO = YES;
				ONLY_ACTIVE_ARCH = YES;
				SDKROOT = iphoneos;
				SWIFT_OPTIMIZATION_LEVEL = "-Onone";
				TARGETED_DEVICE_FAMILY = "1,2";
				VERSIONING_SYSTEM = "apple-generic";
				VERSION_INFO_PREFIX = "";
			};
			name = Debug;
		};
		C75D79191C6DFE30004B92A9 /* Release */ = {
			isa = XCBuildConfiguration;
			buildSettings = {
				ALWAYS_SEARCH_USER_PATHS = NO;
				CLANG_CXX_LANGUAGE_STANDARD = "gnu++0x";
				CLANG_CXX_LIBRARY = "libc++";
				CLANG_ENABLE_CODE_COVERAGE = YES;
				CLANG_ENABLE_MODULES = YES;
				CLANG_ENABLE_OBJC_ARC = YES;
				CLANG_WARN_BOOL_CONVERSION = YES;
				CLANG_WARN_CONSTANT_CONVERSION = YES;
				CLANG_WARN_DIRECT_OBJC_ISA_USAGE = YES_ERROR;
				CLANG_WARN_EMPTY_BODY = YES;
				CLANG_WARN_ENUM_CONVERSION = YES;
				CLANG_WARN_INT_CONVERSION = YES;
				CLANG_WARN_OBJC_ROOT_CLASS = YES_ERROR;
				CLANG_WARN_UNREACHABLE_CODE = YES;
				CLANG_WARN__DUPLICATE_METHOD_MATCH = YES;
				"CODE_SIGN_IDENTITY[sdk=iphoneos*]" = "iPhone Developer";
				COPY_PHASE_STRIP = NO;
				CURRENT_PROJECT_VERSION = 1;
				DEBUG_INFORMATION_FORMAT = "dwarf-with-dsym";
				ENABLE_NS_ASSERTIONS = NO;
				ENABLE_STRICT_OBJC_MSGSEND = YES;
				GCC_C_LANGUAGE_STANDARD = gnu99;
				GCC_NO_COMMON_BLOCKS = YES;
				GCC_WARN_64_TO_32_BIT_CONVERSION = YES;
				GCC_WARN_ABOUT_RETURN_TYPE = YES_ERROR;
				GCC_WARN_UNDECLARED_SELECTOR = YES;
				GCC_WARN_UNINITIALIZED_AUTOS = YES_AGGRESSIVE;
				GCC_WARN_UNUSED_FUNCTION = YES;
				GCC_WARN_UNUSED_VARIABLE = YES;
				IPHONEOS_DEPLOYMENT_TARGET = 8.0;
				MTL_ENABLE_DEBUG_INFO = NO;
				SDKROOT = iphoneos;
				TARGETED_DEVICE_FAMILY = "1,2";
				VALIDATE_PRODUCT = YES;
				VERSIONING_SYSTEM = "apple-generic";
				VERSION_INFO_PREFIX = "";
			};
			name = Release;
		};
		C75D791B1C6DFE30004B92A9 /* Debug */ = {
			isa = XCBuildConfiguration;
			buildSettings = {
				CLANG_ENABLE_MODULES = YES;
				DEFINES_MODULE = YES;
				DYLIB_COMPATIBILITY_VERSION = 1;
				DYLIB_CURRENT_VERSION = 1;
				DYLIB_INSTALL_NAME_BASE = "@rpath";
				FRAMEWORK_SEARCH_PATHS = (
					"$(inherited)",
					"$(PROJECT_DIR)/Carthage/Build/iOS",
				);
				INFOPLIST_FILE = Vinyl/Resources/Info.plist;
				INSTALL_PATH = "$(LOCAL_LIBRARY_DIR)/Frameworks";
				LD_RUNPATH_SEARCH_PATHS = "$(inherited) @executable_path/Frameworks @loader_path/Frameworks";
				PRODUCT_BUNDLE_IDENTIFIER = velhotes.Vinyl;
				PRODUCT_NAME = Vinyl;
				SKIP_INSTALL = YES;
				SWIFT_OPTIMIZATION_LEVEL = "-Onone";
				SWIFT_VERSION = 3.0;
			};
			name = Debug;
		};
		C75D791C1C6DFE30004B92A9 /* Release */ = {
			isa = XCBuildConfiguration;
			buildSettings = {
				CLANG_ENABLE_MODULES = YES;
				DEFINES_MODULE = YES;
				DYLIB_COMPATIBILITY_VERSION = 1;
				DYLIB_CURRENT_VERSION = 1;
				DYLIB_INSTALL_NAME_BASE = "@rpath";
				FRAMEWORK_SEARCH_PATHS = (
					"$(inherited)",
					"$(PROJECT_DIR)/Carthage/Build/iOS",
				);
				INFOPLIST_FILE = Vinyl/Resources/Info.plist;
				INSTALL_PATH = "$(LOCAL_LIBRARY_DIR)/Frameworks";
				LD_RUNPATH_SEARCH_PATHS = "$(inherited) @executable_path/Frameworks @loader_path/Frameworks";
				PRODUCT_BUNDLE_IDENTIFIER = velhotes.Vinyl;
				PRODUCT_NAME = Vinyl;
				SKIP_INSTALL = YES;
				SWIFT_OPTIMIZATION_LEVEL = "-Owholemodule";
				SWIFT_VERSION = 3.0;
			};
			name = Release;
		};
		C75D791E1C6DFE30004B92A9 /* Debug */ = {
			isa = XCBuildConfiguration;
			buildSettings = {
				FRAMEWORK_SEARCH_PATHS = (
					"$(inherited)",
					"$(PROJECT_DIR)/Carthage/Build/iOS",
				);
				INFOPLIST_FILE = VinylTests/Resources/Info.plist;
				LD_RUNPATH_SEARCH_PATHS = "$(inherited) @executable_path/Frameworks @loader_path/Frameworks $(PROJECT_DIR)/Carthage/Build/iOS";
				PRODUCT_BUNDLE_IDENTIFIER = velhotes.VinylTests;
				PRODUCT_NAME = "$(TARGET_NAME)";
				SWIFT_VERSION = 3.0;
			};
			name = Debug;
		};
		C75D791F1C6DFE30004B92A9 /* Release */ = {
			isa = XCBuildConfiguration;
			buildSettings = {
				FRAMEWORK_SEARCH_PATHS = (
					"$(inherited)",
					"$(PROJECT_DIR)/Carthage/Build/iOS",
				);
				INFOPLIST_FILE = VinylTests/Resources/Info.plist;
				LD_RUNPATH_SEARCH_PATHS = "$(inherited) @executable_path/Frameworks @loader_path/Frameworks $(PROJECT_DIR)/Carthage/Build/iOS";
				PRODUCT_BUNDLE_IDENTIFIER = velhotes.VinylTests;
				PRODUCT_NAME = "$(TARGET_NAME)";
				SWIFT_OPTIMIZATION_LEVEL = "-Owholemodule";
				SWIFT_VERSION = 3.0;
			};
			name = Release;
		};
/* End XCBuildConfiguration section */

/* Begin XCConfigurationList section */
		7DBD4C901C79CA24008C5487 /* Build configuration list for PBXNativeTarget "Vinyl-Mac" */ = {
			isa = XCConfigurationList;
			buildConfigurations = (
				7DBD4C911C79CA24008C5487 /* Debug */,
				7DBD4C921C79CA24008C5487 /* Release */,
			);
			defaultConfigurationIsVisible = 0;
			defaultConfigurationName = Release;
		};
		7DBD4C931C79CA24008C5487 /* Build configuration list for PBXNativeTarget "Vinyl-MacTests" */ = {
			isa = XCConfigurationList;
			buildConfigurations = (
				7DBD4C941C79CA24008C5487 /* Debug */,
				7DBD4C951C79CA24008C5487 /* Release */,
			);
			defaultConfigurationIsVisible = 0;
			defaultConfigurationName = Release;
		};
		7DBD4CBA1C79CC4D008C5487 /* Build configuration list for PBXNativeTarget "Vinyl-tvOS" */ = {
			isa = XCConfigurationList;
			buildConfigurations = (
				7DBD4CBB1C79CC4D008C5487 /* Debug */,
				7DBD4CBC1C79CC4D008C5487 /* Release */,
			);
			defaultConfigurationIsVisible = 0;
			defaultConfigurationName = Release;
		};
		7DBD4CBD1C79CC4D008C5487 /* Build configuration list for PBXNativeTarget "Vinyl-tvOSTests" */ = {
			isa = XCConfigurationList;
			buildConfigurations = (
				7DBD4CBE1C79CC4D008C5487 /* Debug */,
				7DBD4CBF1C79CC4D008C5487 /* Release */,
			);
			defaultConfigurationIsVisible = 0;
			defaultConfigurationName = Release;
		};
		C75D79001C6DFE30004B92A9 /* Build configuration list for PBXProject "Vinyl" */ = {
			isa = XCConfigurationList;
			buildConfigurations = (
				C75D79181C6DFE30004B92A9 /* Debug */,
				C75D79191C6DFE30004B92A9 /* Release */,
			);
			defaultConfigurationIsVisible = 0;
			defaultConfigurationName = Release;
		};
		C75D791A1C6DFE30004B92A9 /* Build configuration list for PBXNativeTarget "Vinyl-iOS" */ = {
			isa = XCConfigurationList;
			buildConfigurations = (
				C75D791B1C6DFE30004B92A9 /* Debug */,
				C75D791C1C6DFE30004B92A9 /* Release */,
			);
			defaultConfigurationIsVisible = 0;
			defaultConfigurationName = Release;
		};
		C75D791D1C6DFE30004B92A9 /* Build configuration list for PBXNativeTarget "Vinyl-iOSTests" */ = {
			isa = XCConfigurationList;
			buildConfigurations = (
				C75D791E1C6DFE30004B92A9 /* Debug */,
				C75D791F1C6DFE30004B92A9 /* Release */,
			);
			defaultConfigurationIsVisible = 0;
			defaultConfigurationName = Release;
		};
/* End XCConfigurationList section */
	};
	rootObject = C75D78FD1C6DFE30004B92A9 /* Project object */;
}
